PODS:
  - Alamofire (3.4.1)
  - AlamofireNetworkActivityIndicator (1.0.1):
    - Alamofire (~> 3.3)
  - AlamofireObjectMapper (3.0.0):
    - Alamofire (~> 3.2)
    - ObjectMapper (~> 1.0)
  - AsyncDisplayKit (1.9.80):
    - AsyncDisplayKit/PINRemoteImage (= 1.9.80)
  - AsyncDisplayKit/ASDealloc2MainObject (1.9.80)
  - AsyncDisplayKit/Core (1.9.80):
    - AsyncDisplayKit/ASDealloc2MainObject
  - AsyncDisplayKit/PINRemoteImage (1.9.80):
    - AsyncDisplayKit/Core
    - PINRemoteImage/iOS (>= 3.0.0-beta.2)
  - BFPaperButton (2.0.29):
    - UIColor+BFPaperColors
  - Dollar (5.1.0)
  - FileKit (2.0.0)
  - Material (1.42.6)
  - NBMaterialDialogIOS (0.2.2):
    - BFPaperButton (~> 2.0.18)
  - NMPopUpViewSwift (3.0.1)
  - NVActivityIndicatorView (2.8)
  - ObjectMapper (1.3.0)
  - PINCache (2.2.2)
  - PINRemoteImage/Core (3.0.0-beta.2):
    - PINCache (>= 2.1)
  - PINRemoteImage/iOS (3.0.0-beta.2):
    - PINRemoteImage/Core
  - PromiseKit/CorePromise (3.2.0)
  - Realm (1.0.1):
    - Realm/Headers (= 1.0.1)
  - Realm/Headers (1.0.1)
  - RealmSwift (1.0.1):
    - Realm (= 1.0.1)
  - Reveal-iOS-SDK (1.6.2)
  - SnapKit (0.21.0)
  - SwiftyTimer (1.4.0)
  - SwiftyUserDefaults (2.2.0)
  - UIColor+BFPaperColors (1.7.2)
  - XCDYouTubeKit (2.5.3)

DEPENDENCIES:
  - Alamofire (= 3.4.1)
  - AlamofireNetworkActivityIndicator (= 1.0.1)
  - AlamofireObjectMapper (= 3.0.0)
  - AsyncDisplayKit (= 1.9.80)
  - Dollar (= 5.1.0)
  - FileKit (= 2.0.0)
  - Material (= 1.42.6)
  - NBMaterialDialogIOS (= 0.2.2)
  - NMPopUpViewSwift (= 3.0.1)
  - NVActivityIndicatorView (= 2.8)
  - PromiseKit/CorePromise (= 3.2.0)
  - RealmSwift (= 1.0.1)
  - Reveal-iOS-SDK (= 1.6.2)
  - SnapKit (= 0.21.0)
  - SwiftyTimer (= 1.4.0)
  - SwiftyUserDefaults (= 2.2.0)
  - XCDYouTubeKit (= 2.5.3)

SPEC CHECKSUMS:
  Alamofire: 01a82e2f6c0f860ade35534c8dd88be61bdef40c
  AlamofireNetworkActivityIndicator: 49a6e39afb947136f7b1872bae2d684957c26697
  AlamofireObjectMapper: 2d16585d06177be0116d76de73497e77437798af
  AsyncDisplayKit: ab57b10cd058797015c77be10407f3dc13027c85
  BFPaperButton: 7df738f2e749a9a4edd3e043f0621ee02215e417
  Dollar: d40032c85eced868f65b86aaede4ef7c093a1bb2
  FileKit: fd360f82f62a1f70dd2ccdbe0950d3a6d1e25d1d
  Material: 76dc9b14ad8b3a2ad673b77ad73dd66ed1eee68c
  NBMaterialDialogIOS: f7aa80ee3b6c609bc70bbb8f340ba017627bce55
  NMPopUpViewSwift: 23a44d6db17a9abc6b806f9fac597be6d7e9f300
  NVActivityIndicatorView: 6aba1dbbd893f615a9452c9e66ae46473e1ce092
  ObjectMapper: 4eb08a726e9791a93b2632049951b56a7c17e471
  PINCache: 078426d356ab95ef875e9e62e5c35a2ea3333c28
  PINRemoteImage: 197554c5ba57a6ae90f5db441651180039fc9062
  PromiseKit: 1db024241265f428137a9f3c00ff9590740c4be6
  Realm: 2e15e39d35b08abb529e212ed5d8af107b5236c8
  RealmSwift: d73ea2af08c3676dbdd5e4b669651a0f492162a4
  Reveal-iOS-SDK: e2250b3c155bcfac53ae223ddc1f76d08f206c33
  SnapKit: 2756fe24b706367af224c9c508d2f9166d03354c
  SwiftyTimer: db4458cfaf67fc71e16ad6e4637c60b86f76a649
  SwiftyUserDefaults: e7c8197a9d4068702e7f2406a968cae413b8de27
  UIColor+BFPaperColors: 03101fe6c10ed00c6daae7c26553f1de41500853
  XCDYouTubeKit: 90690f9e3523735dc93b8024269d991b0cfffe78

PODFILE CHECKSUM: 1c549242886195f81590db6c6823bcfde32d3254

COCOAPODS: 1.0.1
