// !$*UTF8*$!
{
	archiveVersion = 1;
	classes = {
	};
	objectVersion = 46;
	objects = {

/* Begin PBXBuildFile section */
		71A9C14669B26F8F6FF7602D /* Pods_Music_Discovery.framework in Frameworks */ = {isa = PBXBuildFile; fileRef = 7D7687BFBE958DFEE696B359 /* Pods_Music_Discovery.framework */; };
		F709B3A71D1CCF62005704EC /* Base.lproj in Resources */ = {isa = PBXBuildFile; fileRef = F709B3A31D1CCF62005704EC /* Base.lproj */; };
		F709B3AE1D1CCFCE005704EC /* SecondViewController.swift in Sources */ = {isa = PBXBuildFile; fileRef = F709B3AC1D1CCFCE005704EC /* SecondViewController.swift */; };
		F709B3AF1D1CCFCE005704EC /* ViewController.swift in Sources */ = {isa = PBXBuildFile; fileRef = F709B3AD1D1CCFCE005704EC /* ViewController.swift */; };
		F709B3B11D1CD54D005704EC /* BaseViewController.swift in Sources */ = {isa = PBXBuildFile; fileRef = F709B3B01D1CD54D005704EC /* BaseViewController.swift */; };
		F709B3B31D1DAD15005704EC /* playlists.json in Resources */ = {isa = PBXBuildFile; fileRef = F709B3B21D1DAD15005704EC /* playlists.json */; };
		F709B3B51D1E18D8005704EC /* Models.swift in Sources */ = {isa = PBXBuildFile; fileRef = F709B3B41D1E18D8005704EC /* Models.swift */; };
		F709B3B71D1E234E005704EC /* Constants.swift in Sources */ = {isa = PBXBuildFile; fileRef = F709B3B61D1E234E005704EC /* Constants.swift */; };
		F709B3B91D1E5AD2005704EC /* RealmControllers.swift in Sources */ = {isa = PBXBuildFile; fileRef = F709B3B81D1E5AD2005704EC /* RealmControllers.swift */; };
		F709B3BB1D1E6F27005704EC /* Extensions.swift in Sources */ = {isa = PBXBuildFile; fileRef = F709B3BA1D1E6F27005704EC /* Extensions.swift */; };
		F7BB04EB1D1C71F200B1A270 /* AppDelegate.swift in Sources */ = {isa = PBXBuildFile; fileRef = F7BB04EA1D1C71F200B1A270 /* AppDelegate.swift */; };
		F7BB04F21D1C71F200B1A270 /* Assets.xcassets in Resources */ = {isa = PBXBuildFile; fileRef = F7BB04F11D1C71F200B1A270 /* Assets.xcassets */; };
		F7BB04F51D1C71F200B1A270 /* LaunchScreen.storyboard in Resources */ = {isa = PBXBuildFile; fileRef = F7BB04F31D1C71F200B1A270 /* LaunchScreen.storyboard */; };
/* End PBXBuildFile section */

/* Begin PBXFileReference section */
		16B63678B2E4F848B8B79A33 /* Pods-Music Discovery.debug.xcconfig */ = {isa = PBXFileReference; includeInIndex = 1; lastKnownFileType = text.xcconfig; name = "Pods-Music Discovery.debug.xcconfig"; path = "Pods/Target Support Files/Pods-Music Discovery/Pods-Music Discovery.debug.xcconfig"; sourceTree = "<group>"; };
		7D7687BFBE958DFEE696B359 /* Pods_Music_Discovery.framework */ = {isa = PBXFileReference; explicitFileType = wrapper.framework; includeInIndex = 0; path = Pods_Music_Discovery.framework; sourceTree = BUILT_PRODUCTS_DIR; };
		AC5ACF9E80562CC5E7E8E76A /* Pods-Music Discovery.release.xcconfig */ = {isa = PBXFileReference; includeInIndex = 1; lastKnownFileType = text.xcconfig; name = "Pods-Music Discovery.release.xcconfig"; path = "Pods/Target Support Files/Pods-Music Discovery/Pods-Music Discovery.release.xcconfig"; sourceTree = "<group>"; };
		F709B3A31D1CCF62005704EC /* Base.lproj */ = {isa = PBXFileReference; lastKnownFileType = folder; path = Base.lproj; sourceTree = "<group>"; };
		F709B3AC1D1CCFCE005704EC /* SecondViewController.swift */ = {isa = PBXFileReference; fileEncoding = 4; lastKnownFileType = sourcecode.swift; name = SecondViewController.swift; path = Sources/SecondViewController.swift; sourceTree = "<group>"; };
		F709B3AD1D1CCFCE005704EC /* ViewController.swift */ = {isa = PBXFileReference; fileEncoding = 4; lastKnownFileType = sourcecode.swift; name = ViewController.swift; path = Sources/ViewController.swift; sourceTree = "<group>"; };
		F709B3B01D1CD54D005704EC /* BaseViewController.swift */ = {isa = PBXFileReference; fileEncoding = 4; lastKnownFileType = sourcecode.swift; name = BaseViewController.swift; path = Sources/BaseViewController.swift; sourceTree = "<group>"; };
		F709B3B21D1DAD15005704EC /* playlists.json */ = {isa = PBXFileReference; fileEncoding = 4; lastKnownFileType = text.json; name = playlists.json; path = Resources/playlists.json; sourceTree = "<group>"; };
		F709B3B41D1E18D8005704EC /* Models.swift */ = {isa = PBXFileReference; fileEncoding = 4; lastKnownFileType = sourcecode.swift; name = Models.swift; path = Sources/Models.swift; sourceTree = "<group>"; };
		F709B3B61D1E234E005704EC /* Constants.swift */ = {isa = PBXFileReference; fileEncoding = 4; lastKnownFileType = sourcecode.swift; name = Constants.swift; path = Sources/Constants.swift; sourceTree = "<group>"; };
		F709B3B81D1E5AD2005704EC /* RealmControllers.swift */ = {isa = PBXFileReference; fileEncoding = 4; lastKnownFileType = sourcecode.swift; name = RealmControllers.swift; path = Sources/RealmControllers.swift; sourceTree = "<group>"; };
		F709B3BA1D1E6F27005704EC /* Extensions.swift */ = {isa = PBXFileReference; fileEncoding = 4; lastKnownFileType = sourcecode.swift; name = Extensions.swift; path = Sources/Extensions.swift; sourceTree = "<group>"; };
		F7BB04E71D1C71F200B1A270 /* Music Discovery.app */ = {isa = PBXFileReference; explicitFileType = wrapper.application; includeInIndex = 0; path = "Music Discovery.app"; sourceTree = BUILT_PRODUCTS_DIR; };
		F7BB04EA1D1C71F200B1A270 /* AppDelegate.swift */ = {isa = PBXFileReference; lastKnownFileType = sourcecode.swift; path = AppDelegate.swift; sourceTree = "<group>"; };
		F7BB04F11D1C71F200B1A270 /* Assets.xcassets */ = {isa = PBXFileReference; lastKnownFileType = folder.assetcatalog; path = Assets.xcassets; sourceTree = "<group>"; };
		F7BB04F41D1C71F200B1A270 /* Base */ = {isa = PBXFileReference; lastKnownFileType = file.storyboard; name = Base; path = Base.lproj/LaunchScreen.storyboard; sourceTree = "<group>"; };
		F7BB04F61D1C71F200B1A270 /* Info.plist */ = {isa = PBXFileReference; lastKnownFileType = text.plist.xml; path = Info.plist; sourceTree = "<group>"; };
/* End PBXFileReference section */

/* Begin PBXFrameworksBuildPhase section */
		F7BB04E41D1C71F200B1A270 /* Frameworks */ = {
			isa = PBXFrameworksBuildPhase;
			buildActionMask = 2147483647;
			files = (
				71A9C14669B26F8F6FF7602D /* Pods_Music_Discovery.framework in Frameworks */,
			);
			runOnlyForDeploymentPostprocessing = 0;
		};
/* End PBXFrameworksBuildPhase section */

/* Begin PBXGroup section */
		40372A32250872D9A698D387 /* Pods */ = {
			isa = PBXGroup;
			children = (
				16B63678B2E4F848B8B79A33 /* Pods-Music Discovery.debug.xcconfig */,
				AC5ACF9E80562CC5E7E8E76A /* Pods-Music Discovery.release.xcconfig */,
			);
			name = Pods;
			sourceTree = "<group>";
		};
		82C5B2E0522A783F43BD0C4D /* Frameworks */ = {
			isa = PBXGroup;
			children = (
				7D7687BFBE958DFEE696B359 /* Pods_Music_Discovery.framework */,
			);
			name = Frameworks;
			sourceTree = "<group>";
		};
		F709B3AA1D1CCFB6005704EC /* Sources */ = {
			isa = PBXGroup;
			children = (
				F709B3B01D1CD54D005704EC /* BaseViewController.swift */,
				F709B3B61D1E234E005704EC /* Constants.swift */,
				F709B3BA1D1E6F27005704EC /* Extensions.swift */,
				F709B3B41D1E18D8005704EC /* Models.swift */,
				F709B3B81D1E5AD2005704EC /* RealmControllers.swift */,
				F709B3AC1D1CCFCE005704EC /* SecondViewController.swift */,
				F709B3AD1D1CCFCE005704EC /* ViewController.swift */,
			);
			name = Sources;
			sourceTree = "<group>";
		};
		F709B3AB1D1CCFBD005704EC /* Resources */ = {
			isa = PBXGroup;
			children = (
				F709B3B21D1DAD15005704EC /* playlists.json */,
			);
			name = Resources;
			sourceTree = "<group>";
		};
		F7BB04DE1D1C71F200B1A270 = {
			isa = PBXGroup;
			children = (
				F7BB04E91D1C71F200B1A270 /* Music Discovery */,
				F7BB04E81D1C71F200B1A270 /* Products */,
				40372A32250872D9A698D387 /* Pods */,
				82C5B2E0522A783F43BD0C4D /* Frameworks */,
			);
			sourceTree = "<group>";
		};
		F7BB04E81D1C71F200B1A270 /* Products */ = {
			isa = PBXGroup;
			children = (
				F7BB04E71D1C71F200B1A270 /* Music Discovery.app */,
			);
			name = Products;
			sourceTree = "<group>";
		};
		F7BB04E91D1C71F200B1A270 /* Music Discovery */ = {
			isa = PBXGroup;
			children = (
				F7BB04EA1D1C71F200B1A270 /* AppDelegate.swift */,
				F7BB04F11D1C71F200B1A270 /* Assets.xcassets */,
				F709B3A31D1CCF62005704EC /* Base.lproj */,
				F7BB04F61D1C71F200B1A270 /* Info.plist */,
				F7BB04F31D1C71F200B1A270 /* LaunchScreen.storyboard */,
				F709B3AB1D1CCFBD005704EC /* Resources */,
				F709B3AA1D1CCFB6005704EC /* Sources */,
			);
			path = "Music Discovery";
			sourceTree = "<group>";
		};
/* End PBXGroup section */

/* Begin PBXNativeTarget section */
		F7BB04E61D1C71F200B1A270 /* Music Discovery */ = {
			isa = PBXNativeTarget;
			buildConfigurationList = F7BB04F91D1C71F200B1A270 /* Build configuration list for PBXNativeTarget "Music Discovery" */;
			buildPhases = (
				4018C72B169B5F348884FBA1 /* [CP] Check Pods Manifest.lock */,
				F7BB04E31D1C71F200B1A270 /* Sources */,
				F7BB04E41D1C71F200B1A270 /* Frameworks */,
				F7BB04E51D1C71F200B1A270 /* Resources */,
				F146FE548084E4853F534620 /* [CP] Embed Pods Frameworks */,
				FA1ABB6FDAA712C40C691E1C /* [CP] Copy Pods Resources */,
			);
			buildRules = (
			);
			dependencies = (
			);
			name = "Music Discovery";
			productName = "Music Discovery";
			productReference = F7BB04E71D1C71F200B1A270 /* Music Discovery.app */;
			productType = "com.apple.product-type.application";
		};
/* End PBXNativeTarget section */

/* Begin PBXProject section */
		F7BB04DF1D1C71F200B1A270 /* Project object */ = {
			isa = PBXProject;
			attributes = {
				LastSwiftUpdateCheck = 0730;
				LastUpgradeCheck = 0730;
				ORGANIZATIONNAME = "Andrew Gerst";
				TargetAttributes = {
					F7BB04E61D1C71F200B1A270 = {
						CreatedOnToolsVersion = 7.3.1;
						DevelopmentTeam = VLF9HQZ98F;
					};
				};
			};
			buildConfigurationList = F7BB04E21D1C71F200B1A270 /* Build configuration list for PBXProject "Music Discovery" */;
			compatibilityVersion = "Xcode 3.2";
			developmentRegion = English;
			hasScannedForEncodings = 0;
			knownRegions = (
				en,
				Base,
			);
			mainGroup = F7BB04DE1D1C71F200B1A270;
			productRefGroup = F7BB04E81D1C71F200B1A270 /* Products */;
			projectDirPath = "";
			projectRoot = "";
			targets = (
				F7BB04E61D1C71F200B1A270 /* Music Discovery */,
			);
		};
/* End PBXProject section */

/* Begin PBXResourcesBuildPhase section */
		F7BB04E51D1C71F200B1A270 /* Resources */ = {
			isa = PBXResourcesBuildPhase;
			buildActionMask = 2147483647;
			files = (
				F7BB04F51D1C71F200B1A270 /* LaunchScreen.storyboard in Resources */,
				F709B3A71D1CCF62005704EC /* Base.lproj in Resources */,
				F7BB04F21D1C71F200B1A270 /* Assets.xcassets in Resources */,
				F709B3B31D1DAD15005704EC /* playlists.json in Resources */,
			);
			runOnlyForDeploymentPostprocessing = 0;
		};
/* End PBXResourcesBuildPhase section */

/* Begin PBXShellScriptBuildPhase section */
		4018C72B169B5F348884FBA1 /* [CP] Check Pods Manifest.lock */ = {
			isa = PBXShellScriptBuildPhase;
			buildActionMask = 2147483647;
			files = (
			);
			inputPaths = (
			);
			name = "[CP] Check Pods Manifest.lock";
			outputPaths = (
			);
			runOnlyForDeploymentPostprocessing = 0;
			shellPath = /bin/sh;
			shellScript = "diff \"${PODS_ROOT}/../Podfile.lock\" \"${PODS_ROOT}/Manifest.lock\" > /dev/null\nif [[ $? != 0 ]] ; then\n    cat << EOM\nerror: The sandbox is not in sync with the Podfile.lock. Run 'pod install' or update your CocoaPods installation.\nEOM\n    exit 1\nfi\n";
			showEnvVarsInLog = 0;
		};
		F146FE548084E4853F534620 /* [CP] Embed Pods Frameworks */ = {
			isa = PBXShellScriptBuildPhase;
			buildActionMask = 2147483647;
			files = (
			);
			inputPaths = (
			);
			name = "[CP] Embed Pods Frameworks";
			outputPaths = (
			);
			runOnlyForDeploymentPostprocessing = 0;
			shellPath = /bin/sh;
			shellScript = "\"${SRCROOT}/Pods/Target Support Files/Pods-Music Discovery/Pods-Music Discovery-frameworks.sh\"\n";
			showEnvVarsInLog = 0;
		};
		FA1ABB6FDAA712C40C691E1C /* [CP] Copy Pods Resources */ = {
			isa = PBXShellScriptBuildPhase;
			buildActionMask = 2147483647;
			files = (
			);
			inputPaths = (
			);
			name = "[CP] Copy Pods Resources";
			outputPaths = (
			);
			runOnlyForDeploymentPostprocessing = 0;
			shellPath = /bin/sh;
			shellScript = "\"${SRCROOT}/Pods/Target Support Files/Pods-Music Discovery/Pods-Music Discovery-resources.sh\"\n";
			showEnvVarsInLog = 0;
		};
/* End PBXShellScriptBuildPhase section */

/* Begin PBXSourcesBuildPhase section */
		F7BB04E31D1C71F200B1A270 /* Sources */ = {
			isa = PBXSourcesBuildPhase;
			buildActionMask = 2147483647;
			files = (
				F709B3AF1D1CCFCE005704EC /* ViewController.swift in Sources */,
				F709B3B11D1CD54D005704EC /* BaseViewController.swift in Sources */,
				F709B3AE1D1CCFCE005704EC /* SecondViewController.swift in Sources */,
				F709B3BB1D1E6F27005704EC /* Extensions.swift in Sources */,
				F7BB04EB1D1C71F200B1A270 /* AppDelegate.swift in Sources */,
				F709B3B51D1E18D8005704EC /* Models.swift in Sources */,
				F709B3B71D1E234E005704EC /* Constants.swift in Sources */,
				F709B3B91D1E5AD2005704EC /* RealmControllers.swift in Sources */,
			);
			runOnlyForDeploymentPostprocessing = 0;
		};
/* End PBXSourcesBuildPhase section */

/* Begin PBXVariantGroup section */
		F7BB04F31D1C71F200B1A270 /* LaunchScreen.storyboard */ = {
			isa = PBXVariantGroup;
			children = (
				F7BB04F41D1C71F200B1A270 /* Base */,
			);
			name = LaunchScreen.storyboard;
			sourceTree = "<group>";
		};
/* End PBXVariantGroup section */

/* Begin XCBuildConfiguration section */
		F7BB04F71D1C71F200B1A270 /* Debug */ = {
			isa = XCBuildConfiguration;
			buildSettings = {
				ALWAYS_SEARCH_USER_PATHS = NO;
				CLANG_ANALYZER_NONNULL = YES;
				CLANG_CXX_LANGUAGE_STANDARD = "gnu++0x";
				CLANG_CXX_LIBRARY = "libc++";
				CLANG_ENABLE_MODULES = YES;
				CLANG_ENABLE_OBJC_ARC = YES;
				CLANG_WARN_BOOL_CONVERSION = YES;
				CLANG_WARN_CONSTANT_CONVERSION = YES;
				CLANG_WARN_DIRECT_OBJC_ISA_USAGE = YES_ERROR;
				CLANG_WARN_EMPTY_BODY = YES;
				CLANG_WARN_ENUM_CONVERSION = YES;
				CLANG_WARN_INT_CONVERSION = YES;
				CLANG_WARN_OBJC_ROOT_CLASS = YES_ERROR;
				CLANG_WARN_UNREACHABLE_CODE = YES;
				CLANG_WARN__DUPLICATE_METHOD_MATCH = YES;
				"CODE_SIGN_IDENTITY[sdk=iphoneos*]" = "iPhone Developer";
				COPY_PHASE_STRIP = NO;
				DEBUG_INFORMATION_FORMAT = dwarf;
				ENABLE_STRICT_OBJC_MSGSEND = YES;
				ENABLE_TESTABILITY = YES;
				GCC_C_LANGUAGE_STANDARD = gnu99;
				GCC_DYNAMIC_NO_PIC = NO;
				GCC_NO_COMMON_BLOCKS = YES;
				GCC_OPTIMIZATION_LEVEL = 0;
				GCC_PREPROCESSOR_DEFINITIONS = (
					"DEBUG=1",
					"$(inherited)",
				);
				GCC_WARN_64_TO_32_BIT_CONVERSION = YES;
				GCC_WARN_ABOUT_RETURN_TYPE = YES_ERROR;
				GCC_WARN_UNDECLARED_SELECTOR = YES;
				GCC_WARN_UNINITIALIZED_AUTOS = YES_AGGRESSIVE;
				GCC_WARN_UNUSED_FUNCTION = YES;
				GCC_WARN_UNUSED_VARIABLE = YES;
				IPHONEOS_DEPLOYMENT_TARGET = 9.3;
				MTL_ENABLE_DEBUG_INFO = YES;
				ONLY_ACTIVE_ARCH = YES;
				SDKROOT = iphoneos;
				SWIFT_OPTIMIZATION_LEVEL = "-Onone";
				TARGETED_DEVICE_FAMILY = "1,2";
			};
			name = Debug;
		};
		F7BB04F81D1C71F200B1A270 /* Release */ = {
			isa = XCBuildConfiguration;
			buildSettings = {
				ALWAYS_SEARCH_USER_PATHS = NO;
				CLANG_ANALYZER_NONNULL = YES;
				CLANG_CXX_LANGUAGE_STANDARD = "gnu++0x";
				CLANG_CXX_LIBRARY = "libc++";
				CLANG_ENABLE_MODULES = YES;
				CLANG_ENABLE_OBJC_ARC = YES;
				CLANG_WARN_BOOL_CONVERSION = YES;
				CLANG_WARN_CONSTANT_CONVERSION = YES;
				CLANG_WARN_DIRECT_OBJC_ISA_USAGE = YES_ERROR;
				CLANG_WARN_EMPTY_BODY = YES;
				CLANG_WARN_ENUM_CONVERSION = YES;
				CLANG_WARN_INT_CONVERSION = YES;
				CLANG_WARN_OBJC_ROOT_CLASS = YES_ERROR;
				CLANG_WARN_UNREACHABLE_CODE = YES;
				CLANG_WARN__DUPLICATE_METHOD_MATCH = YES;
				"CODE_SIGN_IDENTITY[sdk=iphoneos*]" = "iPhone Developer";
				COPY_PHASE_STRIP = NO;
				DEBUG_INFORMATION_FORMAT = "dwarf-with-dsym";
				ENABLE_NS_ASSERTIONS = NO;
				ENABLE_STRICT_OBJC_MSGSEND = YES;
				GCC_C_LANGUAGE_STANDARD = gnu99;
				GCC_NO_COMMON_BLOCKS = YES;
				GCC_WARN_64_TO_32_BIT_CONVERSION = YES;
				GCC_WARN_ABOUT_RETURN_TYPE = YES_ERROR;
				GCC_WARN_UNDECLARED_SELECTOR = YES;
				GCC_WARN_UNINITIALIZED_AUTOS = YES_AGGRESSIVE;
				GCC_WARN_UNUSED_FUNCTION = YES;
				GCC_WARN_UNUSED_VARIABLE = YES;
				IPHONEOS_DEPLOYMENT_TARGET = 9.3;
				MTL_ENABLE_DEBUG_INFO = NO;
				SDKROOT = iphoneos;
				TARGETED_DEVICE_FAMILY = "1,2";
				VALIDATE_PRODUCT = YES;
			};
			name = Release;
		};
		F7BB04FA1D1C71F200B1A270 /* Debug */ = {
			isa = XCBuildConfiguration;
			baseConfigurationReference = 16B63678B2E4F848B8B79A33 /* Pods-Music Discovery.debug.xcconfig */;
			buildSettings = {
				ASSETCATALOG_COMPILER_APPICON_NAME = AppIcon;
				CODE_SIGN_IDENTITY = "iPhone Developer";
				"CODE_SIGN_IDENTITY[sdk=iphoneos*]" = "iPhone Developer";
				INFOPLIST_FILE = "Music Discovery/Info.plist";
				LD_RUNPATH_SEARCH_PATHS = "$(inherited) @executable_path/Frameworks";
				PRODUCT_BUNDLE_IDENTIFIER = hnswave.music.discovery;
				PRODUCT_NAME = "$(TARGET_NAME)";
				PROVISIONING_PROFILE = "";
			};
			name = Debug;
		};
		F7BB04FB1D1C71F200B1A270 /* Release */ = {
			isa = XCBuildConfiguration;
			baseConfigurationReference = AC5ACF9E80562CC5E7E8E76A /* Pods-Music Discovery.release.xcconfig */;
			buildSettings = {
				ASSETCATALOG_COMPILER_APPICON_NAME = AppIcon;
				CODE_SIGN_IDENTITY = "iPhone Developer";
				"CODE_SIGN_IDENTITY[sdk=iphoneos*]" = "iPhone Developer";
				INFOPLIST_FILE = "Music Discovery/Info.plist";
				LD_RUNPATH_SEARCH_PATHS = "$(inherited) @executable_path/Frameworks";
				PRODUCT_BUNDLE_IDENTIFIER = hnswave.music.discovery;
				PRODUCT_NAME = "$(TARGET_NAME)";
				PROVISIONING_PROFILE = "";
			};
			name = Release;
		};
/* End XCBuildConfiguration section */

/* Begin XCConfigurationList section */
		F7BB04E21D1C71F200B1A270 /* Build configuration list for PBXProject "Music Discovery" */ = {
			isa = XCConfigurationList;
			buildConfigurations = (
				F7BB04F71D1C71F200B1A270 /* Debug */,
				F7BB04F81D1C71F200B1A270 /* Release */,
			);
			defaultConfigurationIsVisible = 0;
			defaultConfigurationName = Release;
		};
		F7BB04F91D1C71F200B1A270 /* Build configuration list for PBXNativeTarget "Music Discovery" */ = {
			isa = XCConfigurationList;
			buildConfigurations = (
				F7BB04FA1D1C71F200B1A270 /* Debug */,
				F7BB04FB1D1C71F200B1A270 /* Release */,
			);
			defaultConfigurationIsVisible = 0;
			defaultConfigurationName = Release;
		};
/* End XCConfigurationList section */
	};
	rootObject = F7BB04DF1D1C71F200B1A270 /* Project object */;
}
