// !$*UTF8*$!
{
	archiveVersion = 1;
	classes = {
	};
	objectVersion = 46;
	objects = {

/* Begin PBXBuildFile section */
		49CE722B1AC328BA00F039F5 /* Main.storyboard in Resources */ = {isa = PBXBuildFile; fileRef = 49CE72261AC328BA00F039F5 /* Main.storyboard */; };
		49CE722C1AC328BA00F039F5 /* GameScene.swift in Sources */ = {isa = PBXBuildFile; fileRef = 49CE72281AC328BA00F039F5 /* GameScene.swift */; };
		49CE722E1AC328BA00F039F5 /* Line.swift in Sources */ = {isa = PBXBuildFile; fileRef = 49CE722A1AC328BA00F039F5 /* Line.swift */; };
		49CE72301AC522C500F039F5 /* DynamicLine.swift in Sources */ = {isa = PBXBuildFile; fileRef = 49CE722F1AC522C500F039F5 /* DynamicLine.swift */; };
		49DB7B361AC28A2100EAA7D6 /* AppDelegate.swift in Sources */ = {isa = PBXBuildFile; fileRef = 49DB7B351AC28A2100EAA7D6 /* AppDelegate.swift */; };
		49DB7B3A1AC28A2200EAA7D6 /* GameViewController.swift in Sources */ = {isa = PBXBuildFile; fileRef = 49DB7B391AC28A2200EAA7D6 /* GameViewController.swift */; };
		49DB7B3D1AC28A2200EAA7D6 /* Main.storyboard in Resources */ = {isa = PBXBuildFile; fileRef = 49DB7B3B1AC28A2200EAA7D6 /* Main.storyboard */; };
		49DB7B3F1AC28A2200EAA7D6 /* Images.xcassets in Resources */ = {isa = PBXBuildFile; fileRef = 49DB7B3E1AC28A2200EAA7D6 /* Images.xcassets */; };
		49DB7B4E1AC28A2200EAA7D6 /* HarmonyCanvasTests.swift in Sources */ = {isa = PBXBuildFile; fileRef = 49DB7B4D1AC28A2200EAA7D6 /* HarmonyCanvasTests.swift */; };
/* End PBXBuildFile section */

/* Begin PBXContainerItemProxy section */
		49DB7B481AC28A2200EAA7D6 /* PBXContainerItemProxy */ = {
			isa = PBXContainerItemProxy;
			containerPortal = 49DB7B281AC28A2100EAA7D6 /* Project object */;
			proxyType = 1;
			remoteGlobalIDString = 49DB7B2F1AC28A2100EAA7D6;
			remoteInfo = HarmonyCanvas;
		};
/* End PBXContainerItemProxy section */

/* Begin PBXFileReference section */
		49CE72271AC328BA00F039F5 /* Base */ = {isa = PBXFileReference; lastKnownFileType = file.storyboard; name = Base; path = Main.storyboard; sourceTree = "<group>"; };
		49CE72281AC328BA00F039F5 /* GameScene.swift */ = {isa = PBXFileReference; fileEncoding = 4; lastKnownFileType = sourcecode.swift; path = GameScene.swift; sourceTree = "<group>"; };
		49CE722A1AC328BA00F039F5 /* Line.swift */ = {isa = PBXFileReference; fileEncoding = 4; lastKnownFileType = sourcecode.swift; path = Line.swift; sourceTree = "<group>"; };
		49CE722F1AC522C500F039F5 /* DynamicLine.swift */ = {isa = PBXFileReference; fileEncoding = 4; lastKnownFileType = sourcecode.swift; path = DynamicLine.swift; sourceTree = "<group>"; };
		49DB7B301AC28A2100EAA7D6 /* HarmonyCanvas.app */ = {isa = PBXFileReference; explicitFileType = wrapper.application; includeInIndex = 0; path = HarmonyCanvas.app; sourceTree = BUILT_PRODUCTS_DIR; };
		49DB7B341AC28A2100EAA7D6 /* Info.plist */ = {isa = PBXFileReference; lastKnownFileType = text.plist.xml; path = Info.plist; sourceTree = "<group>"; };
		49DB7B351AC28A2100EAA7D6 /* AppDelegate.swift */ = {isa = PBXFileReference; lastKnownFileType = sourcecode.swift; path = AppDelegate.swift; sourceTree = "<group>"; };
		49DB7B391AC28A2200EAA7D6 /* GameViewController.swift */ = {isa = PBXFileReference; lastKnownFileType = sourcecode.swift; path = GameViewController.swift; sourceTree = "<group>"; };
		49DB7B3C1AC28A2200EAA7D6 /* Base */ = {isa = PBXFileReference; lastKnownFileType = file.storyboard; name = Base; path = Base.lproj/Main.storyboard; sourceTree = "<group>"; };
		49DB7B3E1AC28A2200EAA7D6 /* Images.xcassets */ = {isa = PBXFileReference; lastKnownFileType = folder.assetcatalog; path = Images.xcassets; sourceTree = "<group>"; };
		49DB7B471AC28A2200EAA7D6 /* HarmonyCanvasTests.xctest */ = {isa = PBXFileReference; explicitFileType = wrapper.cfbundle; includeInIndex = 0; path = HarmonyCanvasTests.xctest; sourceTree = BUILT_PRODUCTS_DIR; };
		49DB7B4C1AC28A2200EAA7D6 /* Info.plist */ = {isa = PBXFileReference; lastKnownFileType = text.plist.xml; path = Info.plist; sourceTree = "<group>"; };
		49DB7B4D1AC28A2200EAA7D6 /* HarmonyCanvasTests.swift */ = {isa = PBXFileReference; lastKnownFileType = sourcecode.swift; path = HarmonyCanvasTests.swift; sourceTree = "<group>"; };
/* End PBXFileReference section */

/* Begin PBXFrameworksBuildPhase section */
		49DB7B2D1AC28A2100EAA7D6 /* Frameworks */ = {
			isa = PBXFrameworksBuildPhase;
			buildActionMask = 2147483647;
			files = (
			);
			runOnlyForDeploymentPostprocessing = 0;
		};
		49DB7B441AC28A2200EAA7D6 /* Frameworks */ = {
			isa = PBXFrameworksBuildPhase;
			buildActionMask = 2147483647;
			files = (
			);
			runOnlyForDeploymentPostprocessing = 0;
		};
/* End PBXFrameworksBuildPhase section */

/* Begin PBXGroup section */
		49CE72251AC328BA00F039F5 /* Base.lproj */ = {
			isa = PBXGroup;
			children = (
				49CE72261AC328BA00F039F5 /* Main.storyboard */,
			);
			path = Base.lproj;
			sourceTree = "<group>";
		};
		49DB7B271AC28A2100EAA7D6 = {
			isa = PBXGroup;
			children = (
				49DB7B321AC28A2100EAA7D6 /* HarmonyCanvas */,
				49DB7B4A1AC28A2200EAA7D6 /* HarmonyCanvasTests */,
				49DB7B311AC28A2100EAA7D6 /* Products */,
			);
			sourceTree = "<group>";
		};
		49DB7B311AC28A2100EAA7D6 /* Products */ = {
			isa = PBXGroup;
			children = (
				49DB7B301AC28A2100EAA7D6 /* HarmonyCanvas.app */,
				49DB7B471AC28A2200EAA7D6 /* HarmonyCanvasTests.xctest */,
			);
			name = Products;
			sourceTree = "<group>";
		};
		49DB7B321AC28A2100EAA7D6 /* HarmonyCanvas */ = {
			isa = PBXGroup;
			children = (
				49DB7B351AC28A2100EAA7D6 /* AppDelegate.swift */,
				49CE72251AC328BA00F039F5 /* Base.lproj */,
				49CE722F1AC522C500F039F5 /* DynamicLine.swift */,
				49CE72281AC328BA00F039F5 /* GameScene.swift */,
				49DB7B391AC28A2200EAA7D6 /* GameViewController.swift */,
				49DB7B3E1AC28A2200EAA7D6 /* Images.xcassets */,
				49CE722A1AC328BA00F039F5 /* Line.swift */,
				49DB7B3B1AC28A2200EAA7D6 /* Main.storyboard */,
				49DB7B331AC28A2100EAA7D6 /* Supporting Files */,
			);
			path = HarmonyCanvas;
			sourceTree = "<group>";
		};
		49DB7B331AC28A2100EAA7D6 /* Supporting Files */ = {
			isa = PBXGroup;
			children = (
				49DB7B341AC28A2100EAA7D6 /* Info.plist */,
			);
			name = "Supporting Files";
			sourceTree = "<group>";
		};
		49DB7B4A1AC28A2200EAA7D6 /* HarmonyCanvasTests */ = {
			isa = PBXGroup;
			children = (
				49DB7B4D1AC28A2200EAA7D6 /* HarmonyCanvasTests.swift */,
				49DB7B4B1AC28A2200EAA7D6 /* Supporting Files */,
			);
			path = HarmonyCanvasTests;
			sourceTree = "<group>";
		};
		49DB7B4B1AC28A2200EAA7D6 /* Supporting Files */ = {
			isa = PBXGroup;
			children = (
				49DB7B4C1AC28A2200EAA7D6 /* Info.plist */,
			);
			name = "Supporting Files";
			sourceTree = "<group>";
		};
/* End PBXGroup section */

/* Begin PBXNativeTarget section */
		49DB7B2F1AC28A2100EAA7D6 /* HarmonyCanvas */ = {
			isa = PBXNativeTarget;
			buildConfigurationList = 49DB7B511AC28A2200EAA7D6 /* Build configuration list for PBXNativeTarget "HarmonyCanvas" */;
			buildPhases = (
				49DB7B2C1AC28A2100EAA7D6 /* Sources */,
				49DB7B2D1AC28A2100EAA7D6 /* Frameworks */,
				49DB7B2E1AC28A2100EAA7D6 /* Resources */,
			);
			buildRules = (
			);
			dependencies = (
			);
			name = HarmonyCanvas;
			productName = HarmonyCanvas;
			productReference = 49DB7B301AC28A2100EAA7D6 /* HarmonyCanvas.app */;
			productType = "com.apple.product-type.application";
		};
		49DB7B461AC28A2200EAA7D6 /* HarmonyCanvasTests */ = {
			isa = PBXNativeTarget;
			buildConfigurationList = 49DB7B541AC28A2200EAA7D6 /* Build configuration list for PBXNativeTarget "HarmonyCanvasTests" */;
			buildPhases = (
				49DB7B431AC28A2200EAA7D6 /* Sources */,
				49DB7B441AC28A2200EAA7D6 /* Frameworks */,
				49DB7B451AC28A2200EAA7D6 /* Resources */,
			);
			buildRules = (
			);
			dependencies = (
				49DB7B491AC28A2200EAA7D6 /* PBXTargetDependency */,
			);
			name = HarmonyCanvasTests;
			productName = HarmonyCanvasTests;
			productReference = 49DB7B471AC28A2200EAA7D6 /* HarmonyCanvasTests.xctest */;
			productType = "com.apple.product-type.bundle.unit-test";
		};
/* End PBXNativeTarget section */

/* Begin PBXProject section */
		49DB7B281AC28A2100EAA7D6 /* Project object */ = {
			isa = PBXProject;
			attributes = {
				LastUpgradeCheck = 0620;
				ORGANIZATIONNAME = "Andrew Gerst";
				TargetAttributes = {
					49DB7B2F1AC28A2100EAA7D6 = {
						CreatedOnToolsVersion = 6.2;
					};
					49DB7B461AC28A2200EAA7D6 = {
						CreatedOnToolsVersion = 6.2;
						TestTargetID = 49DB7B2F1AC28A2100EAA7D6;
					};
				};
			};
			buildConfigurationList = 49DB7B2B1AC28A2100EAA7D6 /* Build configuration list for PBXProject "HarmonyCanvas" */;
			compatibilityVersion = "Xcode 3.2";
			developmentRegion = English;
			hasScannedForEncodings = 0;
			knownRegions = (
				en,
				Base,
			);
			mainGroup = 49DB7B271AC28A2100EAA7D6;
			productRefGroup = 49DB7B311AC28A2100EAA7D6 /* Products */;
			projectDirPath = "";
			projectRoot = "";
			targets = (
				49DB7B2F1AC28A2100EAA7D6 /* HarmonyCanvas */,
				49DB7B461AC28A2200EAA7D6 /* HarmonyCanvasTests */,
			);
		};
/* End PBXProject section */

/* Begin PBXResourcesBuildPhase section */
		49DB7B2E1AC28A2100EAA7D6 /* Resources */ = {
			isa = PBXResourcesBuildPhase;
			buildActionMask = 2147483647;
			files = (
				49CE722B1AC328BA00F039F5 /* Main.storyboard in Resources */,
				49DB7B3F1AC28A2200EAA7D6 /* Images.xcassets in Resources */,
				49DB7B3D1AC28A2200EAA7D6 /* Main.storyboard in Resources */,
			);
			runOnlyForDeploymentPostprocessing = 0;
		};
		49DB7B451AC28A2200EAA7D6 /* Resources */ = {
			isa = PBXResourcesBuildPhase;
			buildActionMask = 2147483647;
			files = (
			);
			runOnlyForDeploymentPostprocessing = 0;
		};
/* End PBXResourcesBuildPhase section */

/* Begin PBXSourcesBuildPhase section */
		49DB7B2C1AC28A2100EAA7D6 /* Sources */ = {
			isa = PBXSourcesBuildPhase;
			buildActionMask = 2147483647;
			files = (
				49CE72301AC522C500F039F5 /* DynamicLine.swift in Sources */,
				49CE722C1AC328BA00F039F5 /* GameScene.swift in Sources */,
				49CE722E1AC328BA00F039F5 /* Line.swift in Sources */,
				49DB7B3A1AC28A2200EAA7D6 /* GameViewController.swift in Sources */,
				49DB7B361AC28A2100EAA7D6 /* AppDelegate.swift in Sources */,
			);
			runOnlyForDeploymentPostprocessing = 0;
		};
		49DB7B431AC28A2200EAA7D6 /* Sources */ = {
			isa = PBXSourcesBuildPhase;
			buildActionMask = 2147483647;
			files = (
				49DB7B4E1AC28A2200EAA7D6 /* HarmonyCanvasTests.swift in Sources */,
			);
			runOnlyForDeploymentPostprocessing = 0;
		};
/* End PBXSourcesBuildPhase section */

/* Begin PBXTargetDependency section */
		49DB7B491AC28A2200EAA7D6 /* PBXTargetDependency */ = {
			isa = PBXTargetDependency;
			target = 49DB7B2F1AC28A2100EAA7D6 /* HarmonyCanvas */;
			targetProxy = 49DB7B481AC28A2200EAA7D6 /* PBXContainerItemProxy */;
		};
/* End PBXTargetDependency section */

/* Begin PBXVariantGroup section */
		49CE72261AC328BA00F039F5 /* Main.storyboard */ = {
			isa = PBXVariantGroup;
			children = (
				49CE72271AC328BA00F039F5 /* Base */,
			);
			name = Main.storyboard;
			sourceTree = "<group>";
		};
		49DB7B3B1AC28A2200EAA7D6 /* Main.storyboard */ = {
			isa = PBXVariantGroup;
			children = (
				49DB7B3C1AC28A2200EAA7D6 /* Base */,
			);
			name = Main.storyboard;
			sourceTree = "<group>";
		};
/* End PBXVariantGroup section */

/* Begin XCBuildConfiguration section */
		49DB7B4F1AC28A2200EAA7D6 /* Debug */ = {
			isa = XCBuildConfiguration;
			buildSettings = {
				ALWAYS_SEARCH_USER_PATHS = NO;
				CLANG_CXX_LANGUAGE_STANDARD = "gnu++0x";
				CLANG_CXX_LIBRARY = "libc++";
				CLANG_ENABLE_MODULES = YES;
				CLANG_ENABLE_OBJC_ARC = YES;
				CLANG_WARN_BOOL_CONVERSION = YES;
				CLANG_WARN_CONSTANT_CONVERSION = YES;
				CLANG_WARN_DIRECT_OBJC_ISA_USAGE = YES_ERROR;
				CLANG_WARN_EMPTY_BODY = YES;
				CLANG_WARN_ENUM_CONVERSION = YES;
				CLANG_WARN_INT_CONVERSION = YES;
				CLANG_WARN_OBJC_ROOT_CLASS = YES_ERROR;
				CLANG_WARN_UNREACHABLE_CODE = YES;
				CLANG_WARN__DUPLICATE_METHOD_MATCH = YES;
				"CODE_SIGN_IDENTITY[sdk=iphoneos*]" = "iPhone Developer";
				COPY_PHASE_STRIP = NO;
				ENABLE_STRICT_OBJC_MSGSEND = YES;
				GCC_C_LANGUAGE_STANDARD = gnu99;
				GCC_DYNAMIC_NO_PIC = NO;
				GCC_OPTIMIZATION_LEVEL = 0;
				GCC_PREPROCESSOR_DEFINITIONS = (
					"DEBUG=1",
					"$(inherited)",
				);
				GCC_SYMBOLS_PRIVATE_EXTERN = NO;
				GCC_WARN_64_TO_32_BIT_CONVERSION = YES;
				GCC_WARN_ABOUT_RETURN_TYPE = YES_ERROR;
				GCC_WARN_UNDECLARED_SELECTOR = YES;
				GCC_WARN_UNINITIALIZED_AUTOS = YES_AGGRESSIVE;
				GCC_WARN_UNUSED_FUNCTION = YES;
				GCC_WARN_UNUSED_VARIABLE = YES;
				IPHONEOS_DEPLOYMENT_TARGET = 8.2;
				MTL_ENABLE_DEBUG_INFO = YES;
				ONLY_ACTIVE_ARCH = YES;
				SDKROOT = iphoneos;
				SWIFT_OPTIMIZATION_LEVEL = "-Onone";
				TARGETED_DEVICE_FAMILY = "1,2";
			};
			name = Debug;
		};
		49DB7B501AC28A2200EAA7D6 /* Release */ = {
			isa = XCBuildConfiguration;
			buildSettings = {
				ALWAYS_SEARCH_USER_PATHS = NO;
				CLANG_CXX_LANGUAGE_STANDARD = "gnu++0x";
				CLANG_CXX_LIBRARY = "libc++";
				CLANG_ENABLE_MODULES = YES;
				CLANG_ENABLE_OBJC_ARC = YES;
				CLANG_WARN_BOOL_CONVERSION = YES;
				CLANG_WARN_CONSTANT_CONVERSION = YES;
				CLANG_WARN_DIRECT_OBJC_ISA_USAGE = YES_ERROR;
				CLANG_WARN_EMPTY_BODY = YES;
				CLANG_WARN_ENUM_CONVERSION = YES;
				CLANG_WARN_INT_CONVERSION = YES;
				CLANG_WARN_OBJC_ROOT_CLASS = YES_ERROR;
				CLANG_WARN_UNREACHABLE_CODE = YES;
				CLANG_WARN__DUPLICATE_METHOD_MATCH = YES;
				"CODE_SIGN_IDENTITY[sdk=iphoneos*]" = "iPhone Developer";
				COPY_PHASE_STRIP = NO;
				ENABLE_NS_ASSERTIONS = NO;
				ENABLE_STRICT_OBJC_MSGSEND = YES;
				GCC_C_LANGUAGE_STANDARD = gnu99;
				GCC_WARN_64_TO_32_BIT_CONVERSION = YES;
				GCC_WARN_ABOUT_RETURN_TYPE = YES_ERROR;
				GCC_WARN_UNDECLARED_SELECTOR = YES;
				GCC_WARN_UNINITIALIZED_AUTOS = YES_AGGRESSIVE;
				GCC_WARN_UNUSED_FUNCTION = YES;
				GCC_WARN_UNUSED_VARIABLE = YES;
				IPHONEOS_DEPLOYMENT_TARGET = 8.2;
				MTL_ENABLE_DEBUG_INFO = NO;
				SDKROOT = iphoneos;
				TARGETED_DEVICE_FAMILY = "1,2";
				VALIDATE_PRODUCT = YES;
			};
			name = Release;
		};
		49DB7B521AC28A2200EAA7D6 /* Debug */ = {
			isa = XCBuildConfiguration;
			buildSettings = {
				ASSETCATALOG_COMPILER_APPICON_NAME = AppIcon;
				INFOPLIST_FILE = HarmonyCanvas/Info.plist;
				LD_RUNPATH_SEARCH_PATHS = "$(inherited) @executable_path/Frameworks";
				PRODUCT_NAME = "$(TARGET_NAME)";
			};
			name = Debug;
		};
		49DB7B531AC28A2200EAA7D6 /* Release */ = {
			isa = XCBuildConfiguration;
			buildSettings = {
				ASSETCATALOG_COMPILER_APPICON_NAME = AppIcon;
				INFOPLIST_FILE = HarmonyCanvas/Info.plist;
				LD_RUNPATH_SEARCH_PATHS = "$(inherited) @executable_path/Frameworks";
				PRODUCT_NAME = "$(TARGET_NAME)";
			};
			name = Release;
		};
		49DB7B551AC28A2200EAA7D6 /* Debug */ = {
			isa = XCBuildConfiguration;
			buildSettings = {
				BUNDLE_LOADER = "$(TEST_HOST)";
				FRAMEWORK_SEARCH_PATHS = (
					"$(SDKROOT)/Developer/Library/Frameworks",
					"$(inherited)",
				);
				GCC_PREPROCESSOR_DEFINITIONS = (
					"DEBUG=1",
					"$(inherited)",
				);
				INFOPLIST_FILE = HarmonyCanvasTests/Info.plist;
				LD_RUNPATH_SEARCH_PATHS = "$(inherited) @executable_path/Frameworks @loader_path/Frameworks";
				PRODUCT_NAME = "$(TARGET_NAME)";
				TEST_HOST = "$(BUILT_PRODUCTS_DIR)/HarmonyCanvas.app/HarmonyCanvas";
			};
			name = Debug;
		};
		49DB7B561AC28A2200EAA7D6 /* Release */ = {
			isa = XCBuildConfiguration;
			buildSettings = {
				BUNDLE_LOADER = "$(TEST_HOST)";
				FRAMEWORK_SEARCH_PATHS = (
					"$(SDKROOT)/Developer/Library/Frameworks",
					"$(inherited)",
				);
				INFOPLIST_FILE = HarmonyCanvasTests/Info.plist;
				LD_RUNPATH_SEARCH_PATHS = "$(inherited) @executable_path/Frameworks @loader_path/Frameworks";
				PRODUCT_NAME = "$(TARGET_NAME)";
				TEST_HOST = "$(BUILT_PRODUCTS_DIR)/HarmonyCanvas.app/HarmonyCanvas";
			};
			name = Release;
		};
/* End XCBuildConfiguration section */

/* Begin XCConfigurationList section */
		49DB7B2B1AC28A2100EAA7D6 /* Build configuration list for PBXProject "HarmonyCanvas" */ = {
			isa = XCConfigurationList;
			buildConfigurations = (
				49DB7B4F1AC28A2200EAA7D6 /* Debug */,
				49DB7B501AC28A2200EAA7D6 /* Release */,
			);
			defaultConfigurationIsVisible = 0;
			defaultConfigurationName = Release;
		};
		49DB7B511AC28A2200EAA7D6 /* Build configuration list for PBXNativeTarget "HarmonyCanvas" */ = {
			isa = XCConfigurationList;
			buildConfigurations = (
				49DB7B521AC28A2200EAA7D6 /* Debug */,
				49DB7B531AC28A2200EAA7D6 /* Release */,
			);
			defaultConfigurationIsVisible = 0;
			defaultConfigurationName = Release;
		};
		49DB7B541AC28A2200EAA7D6 /* Build configuration list for PBXNativeTarget "HarmonyCanvasTests" */ = {
			isa = XCConfigurationList;
			buildConfigurations = (
				49DB7B551AC28A2200EAA7D6 /* Debug */,
				49DB7B561AC28A2200EAA7D6 /* Release */,
			);
			defaultConfigurationIsVisible = 0;
			defaultConfigurationName = Release;
		};
/* End XCConfigurationList section */
	};
	rootObject = 49DB7B281AC28A2100EAA7D6 /* Project object */;
}
