PODS:
  - Dollar (6.0.0)
  - FileKit (4.0.0)
  - Forrest (2.0.0)
  - Realm (2.0.2):
    - Realm/Headers (= 2.0.2)
  - Realm/Headers (2.0.2)
  - RealmSwift (2.0.2):
    - Realm (= 2.0.2)
  - SnapKit (3.0.2)

DEPENDENCIES:
  - Dollar (= 6.0.0)
  - FileKit (= 4.0.0)
  - Forrest (from `https://github.com/Gerst20051/Run-Forrest-Run.git`, branch `swift3`)
  - RealmSwift (= 2.0.2)
  - SnapKit (= 3.0.2)

EXTERNAL SOURCES:
  Forrest:
    :branch: swift3
    :git: https://github.com/Gerst20051/Run-Forrest-Run.git

CHECKOUT OPTIONS:
  Forrest:
    :commit: 7927ee2a3d88aac269d101e1a024c6851e005e1f
    :git: https://github.com/Gerst20051/Run-Forrest-Run.git

SPEC CHECKSUMS:
  Dollar: 6e69123e0901307d67a416dac70aeec56243a6e0
  FileKit: 2589d0393b3bfdc599c2ba6e41419be6db4279e0
  Forrest: b40253d21ac1409f73dcb8c2cc2b5aadcb1e9f92
  Realm: 0f5a194af0b7e6158b83db41b4ee1a00be7ddf1a
  RealmSwift: 0eb5070d851cba7c66e841ca756d83609dc78bc8
  SnapKit: 2e456761aa92d4d4067a7a5594c18769d451a8ad

PODFILE CHECKSUM: 79fd9b293897c84e090582e09413ca858539f8b0

COCOAPODS: 1.1.0
