// !$*UTF8*$!
{
	archiveVersion = 1;
	classes = {
	};
	objectVersion = 46;
	objects = {

/* Begin PBXBuildFile section */
		1DCC7A28CEF991E7C8009993 /* Pods_Trading_Insights.framework in Frameworks */ = {isa = PBXBuildFile; fileRef = 504E39CF1C465F0B35CD00AC /* Pods_Trading_Insights.framework */; };
		3CB11B282CA9BB5FEE8507E8 /* Pods_Trading_InsightsTests.framework in Frameworks */ = {isa = PBXBuildFile; fileRef = FE3C148CCA2F07039B34C491 /* Pods_Trading_InsightsTests.framework */; };
		B761B7D48D3B31A73CE1BAE3 /* Pods_Trading_InsightsUITests.framework in Frameworks */ = {isa = PBXBuildFile; fileRef = 7CBB50C3121C1FD5EAFC40D7 /* Pods_Trading_InsightsUITests.framework */; };
		F744096B1DFCC0B400F6E1C7 /* LaunchScreen.storyboard in Resources */ = {isa = PBXBuildFile; fileRef = F74409691DFCC0B400F6E1C7 /* LaunchScreen.storyboard */; };
		F744096D1DFCCA6700F6E1C7 /* LeftMenuViewController.swift in Sources */ = {isa = PBXBuildFile; fileRef = F744096C1DFCCA6700F6E1C7 /* LeftMenuViewController.swift */; };
		F74D26741DFCECBD006E01CD /* background.png in Resources */ = {isa = PBXBuildFile; fileRef = F74D26731DFCECBD006E01CD /* background.png */; };
		F773BD8F1DFCBF69003749A5 /* launch.png in Resources */ = {isa = PBXBuildFile; fileRef = F773BD8E1DFCBF69003749A5 /* launch.png */; };
		F78C87CD1DFCB2E1001F7AE1 /* BaseViewController.swift in Sources */ = {isa = PBXBuildFile; fileRef = F78C87C61DFCB2E1001F7AE1 /* BaseViewController.swift */; };
		F78C87CE1DFCB2E1001F7AE1 /* Cloud.swift in Sources */ = {isa = PBXBuildFile; fileRef = F78C87C71DFCB2E1001F7AE1 /* Cloud.swift */; };
		F78C87CF1DFCB2E1001F7AE1 /* Extensions.swift in Sources */ = {isa = PBXBuildFile; fileRef = F78C87C81DFCB2E1001F7AE1 /* Extensions.swift */; };
		F78C87D01DFCB2E1001F7AE1 /* Models.swift in Sources */ = {isa = PBXBuildFile; fileRef = F78C87C91DFCB2E1001F7AE1 /* Models.swift */; };
		F78C87D11DFCB2E1001F7AE1 /* RealmControllers.swift in Sources */ = {isa = PBXBuildFile; fileRef = F78C87CA1DFCB2E1001F7AE1 /* RealmControllers.swift */; };
		F78C87D21DFCB2E1001F7AE1 /* RealmUtils.swift in Sources */ = {isa = PBXBuildFile; fileRef = F78C87CB1DFCB2E1001F7AE1 /* RealmUtils.swift */; };
		F78C87D31DFCB2E1001F7AE1 /* ViewController.swift in Sources */ = {isa = PBXBuildFile; fileRef = F78C87CC1DFCB2E1001F7AE1 /* ViewController.swift */; };
		F78F37F41DFCA94200AFDBE4 /* AppDelegate.swift in Sources */ = {isa = PBXBuildFile; fileRef = F78F37F31DFCA94200AFDBE4 /* AppDelegate.swift */; };
		F78F37FB1DFCA94200AFDBE4 /* Assets.xcassets in Resources */ = {isa = PBXBuildFile; fileRef = F78F37FA1DFCA94200AFDBE4 /* Assets.xcassets */; };
		F78F38091DFCA94200AFDBE4 /* Trading_InsightsTests.swift in Sources */ = {isa = PBXBuildFile; fileRef = F78F38081DFCA94200AFDBE4 /* Trading_InsightsTests.swift */; };
		F78F38141DFCA94200AFDBE4 /* Trading_InsightsUITests.swift in Sources */ = {isa = PBXBuildFile; fileRef = F78F38131DFCA94200AFDBE4 /* Trading_InsightsUITests.swift */; };
/* End PBXBuildFile section */

/* Begin PBXContainerItemProxy section */
		F78F38051DFCA94200AFDBE4 /* PBXContainerItemProxy */ = {
			isa = PBXContainerItemProxy;
			containerPortal = F78F37E81DFCA94200AFDBE4 /* Project object */;
			proxyType = 1;
			remoteGlobalIDString = F78F37EF1DFCA94200AFDBE4;
			remoteInfo = "Trading Insights";
		};
		F78F38101DFCA94200AFDBE4 /* PBXContainerItemProxy */ = {
			isa = PBXContainerItemProxy;
			containerPortal = F78F37E81DFCA94200AFDBE4 /* Project object */;
			proxyType = 1;
			remoteGlobalIDString = F78F37EF1DFCA94200AFDBE4;
			remoteInfo = "Trading Insights";
		};
/* End PBXContainerItemProxy section */

/* Begin PBXFileReference section */
		4CF0385D3E0347E83B76929D /* Pods-Trading InsightsTests.release.xcconfig */ = {isa = PBXFileReference; includeInIndex = 1; lastKnownFileType = text.xcconfig; name = "Pods-Trading InsightsTests.release.xcconfig"; path = "Pods/Target Support Files/Pods-Trading InsightsTests/Pods-Trading InsightsTests.release.xcconfig"; sourceTree = "<group>"; };
		504E39CF1C465F0B35CD00AC /* Pods_Trading_Insights.framework */ = {isa = PBXFileReference; explicitFileType = wrapper.framework; includeInIndex = 0; path = Pods_Trading_Insights.framework; sourceTree = BUILT_PRODUCTS_DIR; };
		5357CE3466D9E256BCB1B07B /* Pods-Trading InsightsUITests.release.xcconfig */ = {isa = PBXFileReference; includeInIndex = 1; lastKnownFileType = text.xcconfig; name = "Pods-Trading InsightsUITests.release.xcconfig"; path = "Pods/Target Support Files/Pods-Trading InsightsUITests/Pods-Trading InsightsUITests.release.xcconfig"; sourceTree = "<group>"; };
		7CBB50C3121C1FD5EAFC40D7 /* Pods_Trading_InsightsUITests.framework */ = {isa = PBXFileReference; explicitFileType = wrapper.framework; includeInIndex = 0; path = Pods_Trading_InsightsUITests.framework; sourceTree = BUILT_PRODUCTS_DIR; };
		B8D54D3A45D1B4F40B85C0AB /* Pods-Trading Insights.debug.xcconfig */ = {isa = PBXFileReference; includeInIndex = 1; lastKnownFileType = text.xcconfig; name = "Pods-Trading Insights.debug.xcconfig"; path = "Pods/Target Support Files/Pods-Trading Insights/Pods-Trading Insights.debug.xcconfig"; sourceTree = "<group>"; };
		CF1708D132AF42C2007FEC9F /* Pods-Trading InsightsTests.debug.xcconfig */ = {isa = PBXFileReference; includeInIndex = 1; lastKnownFileType = text.xcconfig; name = "Pods-Trading InsightsTests.debug.xcconfig"; path = "Pods/Target Support Files/Pods-Trading InsightsTests/Pods-Trading InsightsTests.debug.xcconfig"; sourceTree = "<group>"; };
		D47C27558AB220D01F355409 /* Pods-Trading Insights.release.xcconfig */ = {isa = PBXFileReference; includeInIndex = 1; lastKnownFileType = text.xcconfig; name = "Pods-Trading Insights.release.xcconfig"; path = "Pods/Target Support Files/Pods-Trading Insights/Pods-Trading Insights.release.xcconfig"; sourceTree = "<group>"; };
		DC503239D8B174E09EAFE38D /* Pods-Trading InsightsUITests.debug.xcconfig */ = {isa = PBXFileReference; includeInIndex = 1; lastKnownFileType = text.xcconfig; name = "Pods-Trading InsightsUITests.debug.xcconfig"; path = "Pods/Target Support Files/Pods-Trading InsightsUITests/Pods-Trading InsightsUITests.debug.xcconfig"; sourceTree = "<group>"; };
		F744096A1DFCC0B400F6E1C7 /* Base */ = {isa = PBXFileReference; lastKnownFileType = file.storyboard; name = Base; path = Base.lproj/LaunchScreen.storyboard; sourceTree = "<group>"; };
		F744096C1DFCCA6700F6E1C7 /* LeftMenuViewController.swift */ = {isa = PBXFileReference; fileEncoding = 4; lastKnownFileType = sourcecode.swift; name = LeftMenuViewController.swift; path = Sources/LeftMenuViewController.swift; sourceTree = "<group>"; };
		F74D26731DFCECBD006E01CD /* background.png */ = {isa = PBXFileReference; lastKnownFileType = image.png; name = background.png; path = Resources/Images/background.png; sourceTree = "<group>"; };
		F773BD8E1DFCBF69003749A5 /* launch.png */ = {isa = PBXFileReference; lastKnownFileType = image.png; name = launch.png; path = Resources/Images/launch.png; sourceTree = "<group>"; };
		F78C87C61DFCB2E1001F7AE1 /* BaseViewController.swift */ = {isa = PBXFileReference; fileEncoding = 4; lastKnownFileType = sourcecode.swift; name = BaseViewController.swift; path = Sources/BaseViewController.swift; sourceTree = "<group>"; };
		F78C87C71DFCB2E1001F7AE1 /* Cloud.swift */ = {isa = PBXFileReference; fileEncoding = 4; lastKnownFileType = sourcecode.swift; name = Cloud.swift; path = Sources/Cloud.swift; sourceTree = "<group>"; };
		F78C87C81DFCB2E1001F7AE1 /* Extensions.swift */ = {isa = PBXFileReference; fileEncoding = 4; lastKnownFileType = sourcecode.swift; name = Extensions.swift; path = Sources/Extensions.swift; sourceTree = "<group>"; };
		F78C87C91DFCB2E1001F7AE1 /* Models.swift */ = {isa = PBXFileReference; fileEncoding = 4; lastKnownFileType = sourcecode.swift; name = Models.swift; path = Sources/Models.swift; sourceTree = "<group>"; };
		F78C87CA1DFCB2E1001F7AE1 /* RealmControllers.swift */ = {isa = PBXFileReference; fileEncoding = 4; lastKnownFileType = sourcecode.swift; name = RealmControllers.swift; path = Sources/RealmControllers.swift; sourceTree = "<group>"; };
		F78C87CB1DFCB2E1001F7AE1 /* RealmUtils.swift */ = {isa = PBXFileReference; fileEncoding = 4; lastKnownFileType = sourcecode.swift; name = RealmUtils.swift; path = Sources/RealmUtils.swift; sourceTree = "<group>"; };
		F78C87CC1DFCB2E1001F7AE1 /* ViewController.swift */ = {isa = PBXFileReference; fileEncoding = 4; lastKnownFileType = sourcecode.swift; name = ViewController.swift; path = Sources/ViewController.swift; sourceTree = "<group>"; };
		F78F37F01DFCA94200AFDBE4 /* Trading Insights.app */ = {isa = PBXFileReference; explicitFileType = wrapper.application; includeInIndex = 0; path = "Trading Insights.app"; sourceTree = BUILT_PRODUCTS_DIR; };
		F78F37F31DFCA94200AFDBE4 /* AppDelegate.swift */ = {isa = PBXFileReference; lastKnownFileType = sourcecode.swift; path = AppDelegate.swift; sourceTree = "<group>"; };
		F78F37FA1DFCA94200AFDBE4 /* Assets.xcassets */ = {isa = PBXFileReference; lastKnownFileType = folder.assetcatalog; path = Assets.xcassets; sourceTree = "<group>"; };
		F78F37FF1DFCA94200AFDBE4 /* Info.plist */ = {isa = PBXFileReference; lastKnownFileType = text.plist.xml; path = Info.plist; sourceTree = "<group>"; };
		F78F38041DFCA94200AFDBE4 /* Trading InsightsTests.xctest */ = {isa = PBXFileReference; explicitFileType = wrapper.cfbundle; includeInIndex = 0; path = "Trading InsightsTests.xctest"; sourceTree = BUILT_PRODUCTS_DIR; };
		F78F38081DFCA94200AFDBE4 /* Trading_InsightsTests.swift */ = {isa = PBXFileReference; lastKnownFileType = sourcecode.swift; path = Trading_InsightsTests.swift; sourceTree = "<group>"; };
		F78F380A1DFCA94200AFDBE4 /* Info.plist */ = {isa = PBXFileReference; lastKnownFileType = text.plist.xml; path = Info.plist; sourceTree = "<group>"; };
		F78F380F1DFCA94200AFDBE4 /* Trading InsightsUITests.xctest */ = {isa = PBXFileReference; explicitFileType = wrapper.cfbundle; includeInIndex = 0; path = "Trading InsightsUITests.xctest"; sourceTree = BUILT_PRODUCTS_DIR; };
		F78F38131DFCA94200AFDBE4 /* Trading_InsightsUITests.swift */ = {isa = PBXFileReference; lastKnownFileType = sourcecode.swift; path = Trading_InsightsUITests.swift; sourceTree = "<group>"; };
		F78F38151DFCA94200AFDBE4 /* Info.plist */ = {isa = PBXFileReference; lastKnownFileType = text.plist.xml; path = Info.plist; sourceTree = "<group>"; };
		FE3C148CCA2F07039B34C491 /* Pods_Trading_InsightsTests.framework */ = {isa = PBXFileReference; explicitFileType = wrapper.framework; includeInIndex = 0; path = Pods_Trading_InsightsTests.framework; sourceTree = BUILT_PRODUCTS_DIR; };
/* End PBXFileReference section */

/* Begin PBXFrameworksBuildPhase section */
		F78F37ED1DFCA94200AFDBE4 /* Frameworks */ = {
			isa = PBXFrameworksBuildPhase;
			buildActionMask = 2147483647;
			files = (
				1DCC7A28CEF991E7C8009993 /* Pods_Trading_Insights.framework in Frameworks */,
			);
			runOnlyForDeploymentPostprocessing = 0;
		};
		F78F38011DFCA94200AFDBE4 /* Frameworks */ = {
			isa = PBXFrameworksBuildPhase;
			buildActionMask = 2147483647;
			files = (
				3CB11B282CA9BB5FEE8507E8 /* Pods_Trading_InsightsTests.framework in Frameworks */,
			);
			runOnlyForDeploymentPostprocessing = 0;
		};
		F78F380C1DFCA94200AFDBE4 /* Frameworks */ = {
			isa = PBXFrameworksBuildPhase;
			buildActionMask = 2147483647;
			files = (
				B761B7D48D3B31A73CE1BAE3 /* Pods_Trading_InsightsUITests.framework in Frameworks */,
			);
			runOnlyForDeploymentPostprocessing = 0;
		};
/* End PBXFrameworksBuildPhase section */

/* Begin PBXGroup section */
		54A23AC473ADDCDE91EC9296 /* Pods */ = {
			isa = PBXGroup;
			children = (
				B8D54D3A45D1B4F40B85C0AB /* Pods-Trading Insights.debug.xcconfig */,
				D47C27558AB220D01F355409 /* Pods-Trading Insights.release.xcconfig */,
				CF1708D132AF42C2007FEC9F /* Pods-Trading InsightsTests.debug.xcconfig */,
				4CF0385D3E0347E83B76929D /* Pods-Trading InsightsTests.release.xcconfig */,
				DC503239D8B174E09EAFE38D /* Pods-Trading InsightsUITests.debug.xcconfig */,
				5357CE3466D9E256BCB1B07B /* Pods-Trading InsightsUITests.release.xcconfig */,
			);
			name = Pods;
			sourceTree = "<group>";
		};
		D75D056B34C8816BA0E03BEA /* Frameworks */ = {
			isa = PBXGroup;
			children = (
				504E39CF1C465F0B35CD00AC /* Pods_Trading_Insights.framework */,
				FE3C148CCA2F07039B34C491 /* Pods_Trading_InsightsTests.framework */,
				7CBB50C3121C1FD5EAFC40D7 /* Pods_Trading_InsightsUITests.framework */,
			);
			name = Frameworks;
			sourceTree = "<group>";
		};
		F74409681DFCC09900F6E1C7 /* Base.lproj */ = {
			isa = PBXGroup;
			children = (
				F74409691DFCC0B400F6E1C7 /* LaunchScreen.storyboard */,
			);
			name = Base.lproj;
			sourceTree = "<group>";
		};
		F773BD8D1DFCBF5F003749A5 /* Images */ = {
			isa = PBXGroup;
			children = (
				F74D26731DFCECBD006E01CD /* background.png */,
				F773BD8E1DFCBF69003749A5 /* launch.png */,
			);
			name = Images;
			sourceTree = "<group>";
		};
		F78C87C41DFCB2C7001F7AE1 /* Resources */ = {
			isa = PBXGroup;
			children = (
				F773BD8D1DFCBF5F003749A5 /* Images */,
			);
			name = Resources;
			sourceTree = "<group>";
		};
		F78C87C51DFCB2D3001F7AE1 /* Sources */ = {
			isa = PBXGroup;
			children = (
				F78C87C61DFCB2E1001F7AE1 /* BaseViewController.swift */,
				F78C87C71DFCB2E1001F7AE1 /* Cloud.swift */,
				F78C87C81DFCB2E1001F7AE1 /* Extensions.swift */,
				F744096C1DFCCA6700F6E1C7 /* LeftMenuViewController.swift */,
				F78C87C91DFCB2E1001F7AE1 /* Models.swift */,
				F78C87CA1DFCB2E1001F7AE1 /* RealmControllers.swift */,
				F78C87CB1DFCB2E1001F7AE1 /* RealmUtils.swift */,
				F78C87CC1DFCB2E1001F7AE1 /* ViewController.swift */,
			);
			name = Sources;
			sourceTree = "<group>";
		};
		F78F37E71DFCA94200AFDBE4 = {
			isa = PBXGroup;
			children = (
				F78F37F21DFCA94200AFDBE4 /* Trading Insights */,
				F78F38071DFCA94200AFDBE4 /* Trading InsightsTests */,
				F78F38121DFCA94200AFDBE4 /* Trading InsightsUITests */,
				F78F37F11DFCA94200AFDBE4 /* Products */,
				54A23AC473ADDCDE91EC9296 /* Pods */,
				D75D056B34C8816BA0E03BEA /* Frameworks */,
			);
			sourceTree = "<group>";
		};
		F78F37F11DFCA94200AFDBE4 /* Products */ = {
			isa = PBXGroup;
			children = (
				F78F37F01DFCA94200AFDBE4 /* Trading Insights.app */,
				F78F38041DFCA94200AFDBE4 /* Trading InsightsTests.xctest */,
				F78F380F1DFCA94200AFDBE4 /* Trading InsightsUITests.xctest */,
			);
			name = Products;
			sourceTree = "<group>";
		};
		F78F37F21DFCA94200AFDBE4 /* Trading Insights */ = {
			isa = PBXGroup;
			children = (
				F78F37F31DFCA94200AFDBE4 /* AppDelegate.swift */,
				F78F37FA1DFCA94200AFDBE4 /* Assets.xcassets */,
				F74409681DFCC09900F6E1C7 /* Base.lproj */,
				F78F37FF1DFCA94200AFDBE4 /* Info.plist */,
				F78C87C41DFCB2C7001F7AE1 /* Resources */,
				F78C87C51DFCB2D3001F7AE1 /* Sources */,
			);
			path = "Trading Insights";
			sourceTree = "<group>";
		};
		F78F38071DFCA94200AFDBE4 /* Trading InsightsTests */ = {
			isa = PBXGroup;
			children = (
				F78F380A1DFCA94200AFDBE4 /* Info.plist */,
				F78F38081DFCA94200AFDBE4 /* Trading_InsightsTests.swift */,
			);
			path = "Trading InsightsTests";
			sourceTree = "<group>";
		};
		F78F38121DFCA94200AFDBE4 /* Trading InsightsUITests */ = {
			isa = PBXGroup;
			children = (
				F78F38151DFCA94200AFDBE4 /* Info.plist */,
				F78F38131DFCA94200AFDBE4 /* Trading_InsightsUITests.swift */,
			);
			path = "Trading InsightsUITests";
			sourceTree = "<group>";
		};
/* End PBXGroup section */

/* Begin PBXNativeTarget section */
		F78F37EF1DFCA94200AFDBE4 /* Trading Insights */ = {
			isa = PBXNativeTarget;
			buildConfigurationList = F78F38181DFCA94200AFDBE4 /* Build configuration list for PBXNativeTarget "Trading Insights" */;
			buildPhases = (
				E90E35172EF1DEE4C9A6A46F /* [CP] Check Pods Manifest.lock */,
				F78F37EC1DFCA94200AFDBE4 /* Sources */,
				F78F37ED1DFCA94200AFDBE4 /* Frameworks */,
				F78F37EE1DFCA94200AFDBE4 /* Resources */,
				D64C5566A796DD2E7DEAB0FD /* [CP] Embed Pods Frameworks */,
				BBE5EE0609782D70132183AD /* [CP] Copy Pods Resources */,
			);
			buildRules = (
			);
			dependencies = (
			);
			name = "Trading Insights";
			productName = "Trading Insights";
			productReference = F78F37F01DFCA94200AFDBE4 /* Trading Insights.app */;
			productType = "com.apple.product-type.application";
		};
		F78F38031DFCA94200AFDBE4 /* Trading InsightsTests */ = {
			isa = PBXNativeTarget;
			buildConfigurationList = F78F381B1DFCA94200AFDBE4 /* Build configuration list for PBXNativeTarget "Trading InsightsTests" */;
			buildPhases = (
				C129E1F7EDD4F38675074996 /* [CP] Check Pods Manifest.lock */,
				F78F38001DFCA94200AFDBE4 /* Sources */,
				F78F38011DFCA94200AFDBE4 /* Frameworks */,
				F78F38021DFCA94200AFDBE4 /* Resources */,
				F3E3B8D593F64198E6A311A0 /* [CP] Embed Pods Frameworks */,
				F28E62496B6AAE3EE192071D /* [CP] Copy Pods Resources */,
			);
			buildRules = (
			);
			dependencies = (
				F78F38061DFCA94200AFDBE4 /* PBXTargetDependency */,
			);
			name = "Trading InsightsTests";
			productName = "Trading InsightsTests";
			productReference = F78F38041DFCA94200AFDBE4 /* Trading InsightsTests.xctest */;
			productType = "com.apple.product-type.bundle.unit-test";
		};
		F78F380E1DFCA94200AFDBE4 /* Trading InsightsUITests */ = {
			isa = PBXNativeTarget;
			buildConfigurationList = F78F381E1DFCA94200AFDBE4 /* Build configuration list for PBXNativeTarget "Trading InsightsUITests" */;
			buildPhases = (
				7B66C88C896D9019218A7145 /* [CP] Check Pods Manifest.lock */,
				F78F380B1DFCA94200AFDBE4 /* Sources */,
				F78F380C1DFCA94200AFDBE4 /* Frameworks */,
				F78F380D1DFCA94200AFDBE4 /* Resources */,
				367A6317F7C47D6D57B22E26 /* [CP] Embed Pods Frameworks */,
				E9F7D125F1CCC3414912BA94 /* [CP] Copy Pods Resources */,
			);
			buildRules = (
			);
			dependencies = (
				F78F38111DFCA94200AFDBE4 /* PBXTargetDependency */,
			);
			name = "Trading InsightsUITests";
			productName = "Trading InsightsUITests";
			productReference = F78F380F1DFCA94200AFDBE4 /* Trading InsightsUITests.xctest */;
			productType = "com.apple.product-type.bundle.ui-testing";
		};
/* End PBXNativeTarget section */

/* Begin PBXProject section */
		F78F37E81DFCA94200AFDBE4 /* Project object */ = {
			isa = PBXProject;
			attributes = {
				LastSwiftUpdateCheck = 0810;
				LastUpgradeCheck = 0810;
				ORGANIZATIONNAME = "Andrew Gerst";
				TargetAttributes = {
					F78F37EF1DFCA94200AFDBE4 = {
						CreatedOnToolsVersion = 8.1;
						DevelopmentTeam = VLF9HQZ98F;
						ProvisioningStyle = Automatic;
					};
					F78F38031DFCA94200AFDBE4 = {
						CreatedOnToolsVersion = 8.1;
						DevelopmentTeam = VLF9HQZ98F;
						ProvisioningStyle = Automatic;
						TestTargetID = F78F37EF1DFCA94200AFDBE4;
					};
					F78F380E1DFCA94200AFDBE4 = {
						CreatedOnToolsVersion = 8.1;
						DevelopmentTeam = VLF9HQZ98F;
						ProvisioningStyle = Automatic;
						TestTargetID = F78F37EF1DFCA94200AFDBE4;
					};
				};
			};
			buildConfigurationList = F78F37EB1DFCA94200AFDBE4 /* Build configuration list for PBXProject "Trading Insights" */;
			compatibilityVersion = "Xcode 3.2";
			developmentRegion = English;
			hasScannedForEncodings = 0;
			knownRegions = (
				en,
				Base,
			);
			mainGroup = F78F37E71DFCA94200AFDBE4;
			productRefGroup = F78F37F11DFCA94200AFDBE4 /* Products */;
			projectDirPath = "";
			projectRoot = "";
			targets = (
				F78F37EF1DFCA94200AFDBE4 /* Trading Insights */,
				F78F38031DFCA94200AFDBE4 /* Trading InsightsTests */,
				F78F380E1DFCA94200AFDBE4 /* Trading InsightsUITests */,
			);
		};
/* End PBXProject section */

/* Begin PBXResourcesBuildPhase section */
		F78F37EE1DFCA94200AFDBE4 /* Resources */ = {
			isa = PBXResourcesBuildPhase;
			buildActionMask = 2147483647;
			files = (
				F744096B1DFCC0B400F6E1C7 /* LaunchScreen.storyboard in Resources */,
				F74D26741DFCECBD006E01CD /* background.png in Resources */,
				F773BD8F1DFCBF69003749A5 /* launch.png in Resources */,
				F78F37FB1DFCA94200AFDBE4 /* Assets.xcassets in Resources */,
			);
			runOnlyForDeploymentPostprocessing = 0;
		};
		F78F38021DFCA94200AFDBE4 /* Resources */ = {
			isa = PBXResourcesBuildPhase;
			buildActionMask = 2147483647;
			files = (
			);
			runOnlyForDeploymentPostprocessing = 0;
		};
		F78F380D1DFCA94200AFDBE4 /* Resources */ = {
			isa = PBXResourcesBuildPhase;
			buildActionMask = 2147483647;
			files = (
			);
			runOnlyForDeploymentPostprocessing = 0;
		};
/* End PBXResourcesBuildPhase section */

/* Begin PBXShellScriptBuildPhase section */
		367A6317F7C47D6D57B22E26 /* [CP] Embed Pods Frameworks */ = {
			isa = PBXShellScriptBuildPhase;
			buildActionMask = 2147483647;
			files = (
			);
			inputPaths = (
			);
			name = "[CP] Embed Pods Frameworks";
			outputPaths = (
			);
			runOnlyForDeploymentPostprocessing = 0;
			shellPath = /bin/sh;
			shellScript = "\"${SRCROOT}/Pods/Target Support Files/Pods-Trading InsightsUITests/Pods-Trading InsightsUITests-frameworks.sh\"\n";
			showEnvVarsInLog = 0;
		};
		7B66C88C896D9019218A7145 /* [CP] Check Pods Manifest.lock */ = {
			isa = PBXShellScriptBuildPhase;
			buildActionMask = 2147483647;
			files = (
			);
			inputPaths = (
			);
			name = "[CP] Check Pods Manifest.lock";
			outputPaths = (
			);
			runOnlyForDeploymentPostprocessing = 0;
			shellPath = /bin/sh;
			shellScript = "diff \"${PODS_ROOT}/../Podfile.lock\" \"${PODS_ROOT}/Manifest.lock\" > /dev/null\nif [ $? != 0 ] ; then\n    # print error to STDERR\n    echo \"error: The sandbox is not in sync with the Podfile.lock. Run 'pod install' or update your CocoaPods installation.\" >&2\n    exit 1\nfi\n";
			showEnvVarsInLog = 0;
		};
		BBE5EE0609782D70132183AD /* [CP] Copy Pods Resources */ = {
			isa = PBXShellScriptBuildPhase;
			buildActionMask = 2147483647;
			files = (
			);
			inputPaths = (
			);
			name = "[CP] Copy Pods Resources";
			outputPaths = (
			);
			runOnlyForDeploymentPostprocessing = 0;
			shellPath = /bin/sh;
			shellScript = "\"${SRCROOT}/Pods/Target Support Files/Pods-Trading Insights/Pods-Trading Insights-resources.sh\"\n";
			showEnvVarsInLog = 0;
		};
		C129E1F7EDD4F38675074996 /* [CP] Check Pods Manifest.lock */ = {
			isa = PBXShellScriptBuildPhase;
			buildActionMask = 2147483647;
			files = (
			);
			inputPaths = (
			);
			name = "[CP] Check Pods Manifest.lock";
			outputPaths = (
			);
			runOnlyForDeploymentPostprocessing = 0;
			shellPath = /bin/sh;
			shellScript = "diff \"${PODS_ROOT}/../Podfile.lock\" \"${PODS_ROOT}/Manifest.lock\" > /dev/null\nif [ $? != 0 ] ; then\n    # print error to STDERR\n    echo \"error: The sandbox is not in sync with the Podfile.lock. Run 'pod install' or update your CocoaPods installation.\" >&2\n    exit 1\nfi\n";
			showEnvVarsInLog = 0;
		};
		D64C5566A796DD2E7DEAB0FD /* [CP] Embed Pods Frameworks */ = {
			isa = PBXShellScriptBuildPhase;
			buildActionMask = 2147483647;
			files = (
			);
			inputPaths = (
			);
			name = "[CP] Embed Pods Frameworks";
			outputPaths = (
			);
			runOnlyForDeploymentPostprocessing = 0;
			shellPath = /bin/sh;
			shellScript = "\"${SRCROOT}/Pods/Target Support Files/Pods-Trading Insights/Pods-Trading Insights-frameworks.sh\"\n";
			showEnvVarsInLog = 0;
		};
		E90E35172EF1DEE4C9A6A46F /* [CP] Check Pods Manifest.lock */ = {
			isa = PBXShellScriptBuildPhase;
			buildActionMask = 2147483647;
			files = (
			);
			inputPaths = (
			);
			name = "[CP] Check Pods Manifest.lock";
			outputPaths = (
			);
			runOnlyForDeploymentPostprocessing = 0;
			shellPath = /bin/sh;
			shellScript = "diff \"${PODS_ROOT}/../Podfile.lock\" \"${PODS_ROOT}/Manifest.lock\" > /dev/null\nif [ $? != 0 ] ; then\n    # print error to STDERR\n    echo \"error: The sandbox is not in sync with the Podfile.lock. Run 'pod install' or update your CocoaPods installation.\" >&2\n    exit 1\nfi\n";
			showEnvVarsInLog = 0;
		};
		E9F7D125F1CCC3414912BA94 /* [CP] Copy Pods Resources */ = {
			isa = PBXShellScriptBuildPhase;
			buildActionMask = 2147483647;
			files = (
			);
			inputPaths = (
			);
			name = "[CP] Copy Pods Resources";
			outputPaths = (
			);
			runOnlyForDeploymentPostprocessing = 0;
			shellPath = /bin/sh;
			shellScript = "\"${SRCROOT}/Pods/Target Support Files/Pods-Trading InsightsUITests/Pods-Trading InsightsUITests-resources.sh\"\n";
			showEnvVarsInLog = 0;
		};
		F28E62496B6AAE3EE192071D /* [CP] Copy Pods Resources */ = {
			isa = PBXShellScriptBuildPhase;
			buildActionMask = 2147483647;
			files = (
			);
			inputPaths = (
			);
			name = "[CP] Copy Pods Resources";
			outputPaths = (
			);
			runOnlyForDeploymentPostprocessing = 0;
			shellPath = /bin/sh;
			shellScript = "\"${SRCROOT}/Pods/Target Support Files/Pods-Trading InsightsTests/Pods-Trading InsightsTests-resources.sh\"\n";
			showEnvVarsInLog = 0;
		};
		F3E3B8D593F64198E6A311A0 /* [CP] Embed Pods Frameworks */ = {
			isa = PBXShellScriptBuildPhase;
			buildActionMask = 2147483647;
			files = (
			);
			inputPaths = (
			);
			name = "[CP] Embed Pods Frameworks";
			outputPaths = (
			);
			runOnlyForDeploymentPostprocessing = 0;
			shellPath = /bin/sh;
			shellScript = "\"${SRCROOT}/Pods/Target Support Files/Pods-Trading InsightsTests/Pods-Trading InsightsTests-frameworks.sh\"\n";
			showEnvVarsInLog = 0;
		};
/* End PBXShellScriptBuildPhase section */

/* Begin PBXSourcesBuildPhase section */
		F78F37EC1DFCA94200AFDBE4 /* Sources */ = {
			isa = PBXSourcesBuildPhase;
			buildActionMask = 2147483647;
			files = (
				F78F37F41DFCA94200AFDBE4 /* AppDelegate.swift in Sources */,
				F78C87CE1DFCB2E1001F7AE1 /* Cloud.swift in Sources */,
				F78C87CD1DFCB2E1001F7AE1 /* BaseViewController.swift in Sources */,
				F78C87D11DFCB2E1001F7AE1 /* RealmControllers.swift in Sources */,
				F78C87CF1DFCB2E1001F7AE1 /* Extensions.swift in Sources */,
				F744096D1DFCCA6700F6E1C7 /* LeftMenuViewController.swift in Sources */,
				F78C87D01DFCB2E1001F7AE1 /* Models.swift in Sources */,
				F78C87D31DFCB2E1001F7AE1 /* ViewController.swift in Sources */,
				F78C87D21DFCB2E1001F7AE1 /* RealmUtils.swift in Sources */,
			);
			runOnlyForDeploymentPostprocessing = 0;
		};
		F78F38001DFCA94200AFDBE4 /* Sources */ = {
			isa = PBXSourcesBuildPhase;
			buildActionMask = 2147483647;
			files = (
				F78F38091DFCA94200AFDBE4 /* Trading_InsightsTests.swift in Sources */,
			);
			runOnlyForDeploymentPostprocessing = 0;
		};
		F78F380B1DFCA94200AFDBE4 /* Sources */ = {
			isa = PBXSourcesBuildPhase;
			buildActionMask = 2147483647;
			files = (
				F78F38141DFCA94200AFDBE4 /* Trading_InsightsUITests.swift in Sources */,
			);
			runOnlyForDeploymentPostprocessing = 0;
		};
/* End PBXSourcesBuildPhase section */

/* Begin PBXTargetDependency section */
		F78F38061DFCA94200AFDBE4 /* PBXTargetDependency */ = {
			isa = PBXTargetDependency;
			target = F78F37EF1DFCA94200AFDBE4 /* Trading Insights */;
			targetProxy = F78F38051DFCA94200AFDBE4 /* PBXContainerItemProxy */;
		};
		F78F38111DFCA94200AFDBE4 /* PBXTargetDependency */ = {
			isa = PBXTargetDependency;
			target = F78F37EF1DFCA94200AFDBE4 /* Trading Insights */;
			targetProxy = F78F38101DFCA94200AFDBE4 /* PBXContainerItemProxy */;
		};
/* End PBXTargetDependency section */

/* Begin PBXVariantGroup section */
		F74409691DFCC0B400F6E1C7 /* LaunchScreen.storyboard */ = {
			isa = PBXVariantGroup;
			children = (
				F744096A1DFCC0B400F6E1C7 /* Base */,
			);
			name = LaunchScreen.storyboard;
			sourceTree = "<group>";
		};
/* End PBXVariantGroup section */

/* Begin XCBuildConfiguration section */
		F78F38161DFCA94200AFDBE4 /* Debug */ = {
			isa = XCBuildConfiguration;
			buildSettings = {
				ALWAYS_SEARCH_USER_PATHS = NO;
				CLANG_ANALYZER_NONNULL = YES;
				CLANG_CXX_LANGUAGE_STANDARD = "gnu++0x";
				CLANG_CXX_LIBRARY = "libc++";
				CLANG_ENABLE_MODULES = YES;
				CLANG_ENABLE_OBJC_ARC = YES;
				CLANG_WARN_BOOL_CONVERSION = YES;
				CLANG_WARN_CONSTANT_CONVERSION = YES;
				CLANG_WARN_DIRECT_OBJC_ISA_USAGE = YES_ERROR;
				CLANG_WARN_DOCUMENTATION_COMMENTS = YES;
				CLANG_WARN_EMPTY_BODY = YES;
				CLANG_WARN_ENUM_CONVERSION = YES;
				CLANG_WARN_INFINITE_RECURSION = YES;
				CLANG_WARN_INT_CONVERSION = YES;
				CLANG_WARN_OBJC_ROOT_CLASS = YES_ERROR;
				CLANG_WARN_SUSPICIOUS_MOVE = YES;
				CLANG_WARN_SUSPICIOUS_MOVES = YES;
				CLANG_WARN_UNREACHABLE_CODE = YES;
				CLANG_WARN__DUPLICATE_METHOD_MATCH = YES;
				"CODE_SIGN_IDENTITY[sdk=iphoneos*]" = "iPhone Developer";
				COPY_PHASE_STRIP = NO;
				DEBUG_INFORMATION_FORMAT = dwarf;
				ENABLE_STRICT_OBJC_MSGSEND = YES;
				ENABLE_TESTABILITY = YES;
				GCC_C_LANGUAGE_STANDARD = gnu99;
				GCC_DYNAMIC_NO_PIC = NO;
				GCC_NO_COMMON_BLOCKS = YES;
				GCC_OPTIMIZATION_LEVEL = 0;
				GCC_PREPROCESSOR_DEFINITIONS = (
					"DEBUG=1",
					"$(inherited)",
				);
				GCC_WARN_64_TO_32_BIT_CONVERSION = YES;
				GCC_WARN_ABOUT_RETURN_TYPE = YES_ERROR;
				GCC_WARN_UNDECLARED_SELECTOR = YES;
				GCC_WARN_UNINITIALIZED_AUTOS = YES_AGGRESSIVE;
				GCC_WARN_UNUSED_FUNCTION = YES;
				GCC_WARN_UNUSED_VARIABLE = YES;
				IPHONEOS_DEPLOYMENT_TARGET = 10.1;
				MTL_ENABLE_DEBUG_INFO = YES;
				ONLY_ACTIVE_ARCH = YES;
				SDKROOT = iphoneos;
				SWIFT_ACTIVE_COMPILATION_CONDITIONS = DEBUG;
				SWIFT_OPTIMIZATION_LEVEL = "-Onone";
				TARGETED_DEVICE_FAMILY = "1,2";
			};
			name = Debug;
		};
		F78F38171DFCA94200AFDBE4 /* Release */ = {
			isa = XCBuildConfiguration;
			buildSettings = {
				ALWAYS_SEARCH_USER_PATHS = NO;
				CLANG_ANALYZER_NONNULL = YES;
				CLANG_CXX_LANGUAGE_STANDARD = "gnu++0x";
				CLANG_CXX_LIBRARY = "libc++";
				CLANG_ENABLE_MODULES = YES;
				CLANG_ENABLE_OBJC_ARC = YES;
				CLANG_WARN_BOOL_CONVERSION = YES;
				CLANG_WARN_CONSTANT_CONVERSION = YES;
				CLANG_WARN_DIRECT_OBJC_ISA_USAGE = YES_ERROR;
				CLANG_WARN_DOCUMENTATION_COMMENTS = YES;
				CLANG_WARN_EMPTY_BODY = YES;
				CLANG_WARN_ENUM_CONVERSION = YES;
				CLANG_WARN_INFINITE_RECURSION = YES;
				CLANG_WARN_INT_CONVERSION = YES;
				CLANG_WARN_OBJC_ROOT_CLASS = YES_ERROR;
				CLANG_WARN_SUSPICIOUS_MOVE = YES;
				CLANG_WARN_SUSPICIOUS_MOVES = YES;
				CLANG_WARN_UNREACHABLE_CODE = YES;
				CLANG_WARN__DUPLICATE_METHOD_MATCH = YES;
				"CODE_SIGN_IDENTITY[sdk=iphoneos*]" = "iPhone Developer";
				COPY_PHASE_STRIP = NO;
				DEBUG_INFORMATION_FORMAT = "dwarf-with-dsym";
				ENABLE_NS_ASSERTIONS = NO;
				ENABLE_STRICT_OBJC_MSGSEND = YES;
				GCC_C_LANGUAGE_STANDARD = gnu99;
				GCC_NO_COMMON_BLOCKS = YES;
				GCC_WARN_64_TO_32_BIT_CONVERSION = YES;
				GCC_WARN_ABOUT_RETURN_TYPE = YES_ERROR;
				GCC_WARN_UNDECLARED_SELECTOR = YES;
				GCC_WARN_UNINITIALIZED_AUTOS = YES_AGGRESSIVE;
				GCC_WARN_UNUSED_FUNCTION = YES;
				GCC_WARN_UNUSED_VARIABLE = YES;
				IPHONEOS_DEPLOYMENT_TARGET = 10.1;
				MTL_ENABLE_DEBUG_INFO = NO;
				SDKROOT = iphoneos;
				SWIFT_OPTIMIZATION_LEVEL = "-Owholemodule";
				TARGETED_DEVICE_FAMILY = "1,2";
				VALIDATE_PRODUCT = YES;
			};
			name = Release;
		};
		F78F38191DFCA94200AFDBE4 /* Debug */ = {
			isa = XCBuildConfiguration;
			baseConfigurationReference = B8D54D3A45D1B4F40B85C0AB /* Pods-Trading Insights.debug.xcconfig */;
			buildSettings = {
				ALWAYS_EMBED_SWIFT_STANDARD_LIBRARIES = YES;
				ASSETCATALOG_COMPILER_APPICON_NAME = AppIcon;
				DEVELOPMENT_TEAM = VLF9HQZ98F;
				INFOPLIST_FILE = "Trading Insights/Info.plist";
				IPHONEOS_DEPLOYMENT_TARGET = 10.0;
				LD_RUNPATH_SEARCH_PATHS = "$(inherited) @executable_path/Frameworks";
				PRODUCT_BUNDLE_IDENTIFIER = "hnswave.Trading-Insights";
				PRODUCT_NAME = "$(TARGET_NAME)";
				SWIFT_VERSION = 3.0;
			};
			name = Debug;
		};
		F78F381A1DFCA94200AFDBE4 /* Release */ = {
			isa = XCBuildConfiguration;
			baseConfigurationReference = D47C27558AB220D01F355409 /* Pods-Trading Insights.release.xcconfig */;
			buildSettings = {
				ALWAYS_EMBED_SWIFT_STANDARD_LIBRARIES = YES;
				ASSETCATALOG_COMPILER_APPICON_NAME = AppIcon;
				DEVELOPMENT_TEAM = VLF9HQZ98F;
				INFOPLIST_FILE = "Trading Insights/Info.plist";
				IPHONEOS_DEPLOYMENT_TARGET = 10.0;
				LD_RUNPATH_SEARCH_PATHS = "$(inherited) @executable_path/Frameworks";
				PRODUCT_BUNDLE_IDENTIFIER = "hnswave.Trading-Insights";
				PRODUCT_NAME = "$(TARGET_NAME)";
				SWIFT_VERSION = 3.0;
			};
			name = Release;
		};
		F78F381C1DFCA94200AFDBE4 /* Debug */ = {
			isa = XCBuildConfiguration;
			baseConfigurationReference = CF1708D132AF42C2007FEC9F /* Pods-Trading InsightsTests.debug.xcconfig */;
			buildSettings = {
				ALWAYS_EMBED_SWIFT_STANDARD_LIBRARIES = YES;
				BUNDLE_LOADER = "$(TEST_HOST)";
				DEVELOPMENT_TEAM = VLF9HQZ98F;
				INFOPLIST_FILE = "Trading InsightsTests/Info.plist";
				LD_RUNPATH_SEARCH_PATHS = "$(inherited) @executable_path/Frameworks @loader_path/Frameworks";
				PRODUCT_BUNDLE_IDENTIFIER = "hnswave.Trading-InsightsTests";
				PRODUCT_NAME = "$(TARGET_NAME)";
				SWIFT_VERSION = 3.0;
				TEST_HOST = "$(BUILT_PRODUCTS_DIR)/Trading Insights.app/Trading Insights";
			};
			name = Debug;
		};
		F78F381D1DFCA94200AFDBE4 /* Release */ = {
			isa = XCBuildConfiguration;
			baseConfigurationReference = 4CF0385D3E0347E83B76929D /* Pods-Trading InsightsTests.release.xcconfig */;
			buildSettings = {
				ALWAYS_EMBED_SWIFT_STANDARD_LIBRARIES = YES;
				BUNDLE_LOADER = "$(TEST_HOST)";
				DEVELOPMENT_TEAM = VLF9HQZ98F;
				INFOPLIST_FILE = "Trading InsightsTests/Info.plist";
				LD_RUNPATH_SEARCH_PATHS = "$(inherited) @executable_path/Frameworks @loader_path/Frameworks";
				PRODUCT_BUNDLE_IDENTIFIER = "hnswave.Trading-InsightsTests";
				PRODUCT_NAME = "$(TARGET_NAME)";
				SWIFT_VERSION = 3.0;
				TEST_HOST = "$(BUILT_PRODUCTS_DIR)/Trading Insights.app/Trading Insights";
			};
			name = Release;
		};
		F78F381F1DFCA94200AFDBE4 /* Debug */ = {
			isa = XCBuildConfiguration;
			baseConfigurationReference = DC503239D8B174E09EAFE38D /* Pods-Trading InsightsUITests.debug.xcconfig */;
			buildSettings = {
				ALWAYS_EMBED_SWIFT_STANDARD_LIBRARIES = YES;
				DEVELOPMENT_TEAM = VLF9HQZ98F;
				INFOPLIST_FILE = "Trading InsightsUITests/Info.plist";
				LD_RUNPATH_SEARCH_PATHS = "$(inherited) @executable_path/Frameworks @loader_path/Frameworks";
				PRODUCT_BUNDLE_IDENTIFIER = "hnswave.Trading-InsightsUITests";
				PRODUCT_NAME = "$(TARGET_NAME)";
				SWIFT_VERSION = 3.0;
				TEST_TARGET_NAME = "Trading Insights";
			};
			name = Debug;
		};
		F78F38201DFCA94200AFDBE4 /* Release */ = {
			isa = XCBuildConfiguration;
			baseConfigurationReference = 5357CE3466D9E256BCB1B07B /* Pods-Trading InsightsUITests.release.xcconfig */;
			buildSettings = {
				ALWAYS_EMBED_SWIFT_STANDARD_LIBRARIES = YES;
				DEVELOPMENT_TEAM = VLF9HQZ98F;
				INFOPLIST_FILE = "Trading InsightsUITests/Info.plist";
				LD_RUNPATH_SEARCH_PATHS = "$(inherited) @executable_path/Frameworks @loader_path/Frameworks";
				PRODUCT_BUNDLE_IDENTIFIER = "hnswave.Trading-InsightsUITests";
				PRODUCT_NAME = "$(TARGET_NAME)";
				SWIFT_VERSION = 3.0;
				TEST_TARGET_NAME = "Trading Insights";
			};
			name = Release;
		};
/* End XCBuildConfiguration section */

/* Begin XCConfigurationList section */
		F78F37EB1DFCA94200AFDBE4 /* Build configuration list for PBXProject "Trading Insights" */ = {
			isa = XCConfigurationList;
			buildConfigurations = (
				F78F38161DFCA94200AFDBE4 /* Debug */,
				F78F38171DFCA94200AFDBE4 /* Release */,
			);
			defaultConfigurationIsVisible = 0;
			defaultConfigurationName = Release;
		};
		F78F38181DFCA94200AFDBE4 /* Build configuration list for PBXNativeTarget "Trading Insights" */ = {
			isa = XCConfigurationList;
			buildConfigurations = (
				F78F38191DFCA94200AFDBE4 /* Debug */,
				F78F381A1DFCA94200AFDBE4 /* Release */,
			);
			defaultConfigurationIsVisible = 0;
			defaultConfigurationName = Release;
		};
		F78F381B1DFCA94200AFDBE4 /* Build configuration list for PBXNativeTarget "Trading InsightsTests" */ = {
			isa = XCConfigurationList;
			buildConfigurations = (
				F78F381C1DFCA94200AFDBE4 /* Debug */,
				F78F381D1DFCA94200AFDBE4 /* Release */,
			);
			defaultConfigurationIsVisible = 0;
			defaultConfigurationName = Release;
		};
		F78F381E1DFCA94200AFDBE4 /* Build configuration list for PBXNativeTarget "Trading InsightsUITests" */ = {
			isa = XCConfigurationList;
			buildConfigurations = (
				F78F381F1DFCA94200AFDBE4 /* Debug */,
				F78F38201DFCA94200AFDBE4 /* Release */,
			);
			defaultConfigurationIsVisible = 0;
			defaultConfigurationName = Release;
		};
/* End XCConfigurationList section */
	};
	rootObject = F78F37E81DFCA94200AFDBE4 /* Project object */;
}
