PODS:
  - Alamofire (4.7.2)
  - AlamofireObjectMapper (5.0.0):
    - Alamofire (~> 4.1)
    - ObjectMapper (~> 3.0)
  - Dollar (7.1.0)
  - Material (2.15.0):
    - Material/Core (= 2.15.0)
  - Material/Core (2.15.0):
    - Motion (~> 1.3.0)
  - Motion (1.3.5):
    - Motion/Core (= 1.3.5)
  - Motion/Core (1.3.5)
  - ObjectMapper (3.1.0)
  - PromiseKit (6.2.7):
    - PromiseKit/CorePromise (= 6.2.7)
    - PromiseKit/Foundation (= 6.2.7)
    - PromiseKit/UIKit (= 6.2.7)
  - PromiseKit/CorePromise (6.2.7)
  - PromiseKit/Foundation (6.2.7):
    - PromiseKit/CorePromise
  - PromiseKit/UIKit (6.2.7):
    - PromiseKit/CorePromise
  - Realm (3.5.0):
    - Realm/Headers (= 3.5.0)
  - Realm/Headers (3.5.0)
  - RealmSwift (3.5.0):
    - Realm (= 3.5.0)
  - Reveal-SDK (14)
  - SnapKit (4.0.0)
  - SwiftyTimer (2.0.0)
  - SwiftyUserDefaults (4.0.0-alpha.1)

DEPENDENCIES:
  - Alamofire (= 4.7.2)
  - AlamofireObjectMapper (= 5.0.0)
  - Dollar (= 7.1.0)
  - Material (= 2.15.0)
  - PromiseKit (= 6.2.7)
  - RealmSwift (= 3.5.0)
  - Reveal-SDK (= 14)
  - SnapKit (= 4.0.0)
  - SwiftyTimer (= 2.0.0)
  - SwiftyUserDefaults (= 4.0.0-alpha.1)

SPEC REPOS:
  https://github.com/cocoapods/specs.git:
    - Alamofire
    - AlamofireObjectMapper
    - Dollar
    - Material
    - Motion
    - ObjectMapper
    - PromiseKit
    - Realm
    - RealmSwift
    - Reveal-SDK
    - SnapKit
    - SwiftyTimer
    - SwiftyUserDefaults

SPEC CHECKSUMS:
  Alamofire: e4fa87002c137ba2d8d634d2c51fabcda0d5c223
  AlamofireObjectMapper: 5fafc816351cbbc0d486611aaeba7461c0cbad49
  Dollar: dc69a2997fa5df12ae7a91fec897963664c26750
  Material: 00e32bb5e61b3f749044897b2d93acd8bf33faa4
  Motion: 9f74d115d7f72bb5380a8e3cde2f8a1fc898ac36
  ObjectMapper: 20505058f54e5c3ca69e1d6de9897d152a5369a6
  PromiseKit: 12b9d87748b170714247d8b2677146ca57e488f2
  Realm: 0378021c424e4e2bd6a0e63b27881e929d9b9ad1
  RealmSwift: 3322562622fda2ad596985ead4d8d8be30cf838c
  Reveal-SDK: 55b5c5545233b680c2f8da734f202acc15d422b7
  SnapKit: a42d492c16e80209130a3379f73596c3454b7694
  SwiftyTimer: 2efd74b060d69ad4f1496baf5bbedbe132125fcf
  SwiftyUserDefaults: cebe0ff9472f52699772a514b6f7155861d8069b

PODFILE CHECKSUM: 0e42a1f819b56f2b50bedd44fc4652e250e5bca9

COCOAPODS: 1.5.2
